// !$*UTF8*$!
{
	archiveVersion = 1;
	classes = {
	};
	objectVersion = 55;
	objects = {

/* Begin PBXBuildFile section */
		14FF887CEDAB6F30FEFF3EF1 /* Pods_MovieListDemo.framework in Frameworks */ = {isa = PBXBuildFile; fileRef = 33990C38A50E01F47AB9F098 /* Pods_MovieListDemo.framework */; };
		A943A4A886FC06F1BD4D711F /* Pods_MovieListDemoTests.framework in Frameworks */ = {isa = PBXBuildFile; fileRef = 7A40757721C36743446B0C47 /* Pods_MovieListDemoTests.framework */; };
		F5AECEEB3ACEF04F437F4C9A /* Pods_MovieListDemo_MovieListDemoUITests.framework in Frameworks */ = {isa = PBXBuildFile; fileRef = 93A8E9421A641AFF88AAC1B7 /* Pods_MovieListDemo_MovieListDemoUITests.framework */; };
		FC44DE2E285054F00033596D /* CreditsViewController.swift in Sources */ = {isa = PBXBuildFile; fileRef = FC44DE2D285054F00033596D /* CreditsViewController.swift */; };
		FC44DE34285056700033596D /* CastAndCrewCell.swift in Sources */ = {isa = PBXBuildFile; fileRef = FC44DE32285056700033596D /* CastAndCrewCell.swift */; };
		FC44DE35285056700033596D /* CastAndCrewCell.xib in Resources */ = {isa = PBXBuildFile; fileRef = FC44DE33285056700033596D /* CastAndCrewCell.xib */; };
		FC44DE3E285056BF0033596D /* HeaderView.swift in Sources */ = {isa = PBXBuildFile; fileRef = FC44DE3C285056BF0033596D /* HeaderView.swift */; };
		FC44DE3F285056BF0033596D /* HeaderView.xib in Resources */ = {isa = PBXBuildFile; fileRef = FC44DE3D285056BF0033596D /* HeaderView.xib */; };
		FC44DE41285057160033596D /* Credits.swift in Sources */ = {isa = PBXBuildFile; fileRef = FC44DE40285057160033596D /* Credits.swift */; };
		FC44DE44285064B60033596D /* CreditsViewModel.swift in Sources */ = {isa = PBXBuildFile; fileRef = FC44DE43285064B60033596D /* CreditsViewModel.swift */; };
		FC44DE46285064D20033596D /* CreditsController.swift in Sources */ = {isa = PBXBuildFile; fileRef = FC44DE45285064D20033596D /* CreditsController.swift */; };
		FC44DE4828507CE90033596D /* SimilarViewController.swift in Sources */ = {isa = PBXBuildFile; fileRef = FC44DE4728507CE90033596D /* SimilarViewController.swift */; };
		FC44DE4E28507D490033596D /* SimilarCell.swift in Sources */ = {isa = PBXBuildFile; fileRef = FC44DE4C28507D490033596D /* SimilarCell.swift */; };
		FC44DE4F28507D490033596D /* SimilarCell.xib in Resources */ = {isa = PBXBuildFile; fileRef = FC44DE4D28507D490033596D /* SimilarCell.xib */; };
		FCAE99912850860400247C56 /* Similar.swift in Sources */ = {isa = PBXBuildFile; fileRef = FCAE99902850860400247C56 /* Similar.swift */; };
		FCAE99942850872A00247C56 /* SimilarViewModel.swift in Sources */ = {isa = PBXBuildFile; fileRef = FCAE99932850872A00247C56 /* SimilarViewModel.swift */; };
		FCAE99962850874D00247C56 /* SimilarController.swift in Sources */ = {isa = PBXBuildFile; fileRef = FCAE99952850874D00247C56 /* SimilarController.swift */; };
		FCAE99982850A44E00247C56 /* VideoViewController.swift in Sources */ = {isa = PBXBuildFile; fileRef = FCAE99972850A44E00247C56 /* VideoViewController.swift */; };
		FCAE999B2850A8AC00247C56 /* VideoCell.swift in Sources */ = {isa = PBXBuildFile; fileRef = FCAE99992850A8AC00247C56 /* VideoCell.swift */; };
		FCAE999C2850A8AC00247C56 /* VideoCell.xib in Resources */ = {isa = PBXBuildFile; fileRef = FCAE999A2850A8AC00247C56 /* VideoCell.xib */; };
		FCAE999F2850A97100247C56 /* VideoViewModel.swift in Sources */ = {isa = PBXBuildFile; fileRef = FCAE999E2850A97100247C56 /* VideoViewModel.swift */; };
		FCAE99A12850A97D00247C56 /* VideoController.swift in Sources */ = {isa = PBXBuildFile; fileRef = FCAE99A02850A97D00247C56 /* VideoController.swift */; };
		FCAE99A32850A9E400247C56 /* Video.swift in Sources */ = {isa = PBXBuildFile; fileRef = FCAE99A22850A9E400247C56 /* Video.swift */; };
		FCAE99A62850B0C900247C56 /* VideoNavigator.swift in Sources */ = {isa = PBXBuildFile; fileRef = FCAE99A52850B0C900247C56 /* VideoNavigator.swift */; };
		FCAE99A82850B23000247C56 /* PlayerViewController.swift in Sources */ = {isa = PBXBuildFile; fileRef = FCAE99A72850B23000247C56 /* PlayerViewController.swift */; };
		FCAE99AC2850CF9100247C56 /* GenreCell.swift in Sources */ = {isa = PBXBuildFile; fileRef = FCAE99AA2850CF9100247C56 /* GenreCell.swift */; };
		FCAE99AD2850CF9100247C56 /* GenreCell.xib in Resources */ = {isa = PBXBuildFile; fileRef = FCAE99AB2850CF9100247C56 /* GenreCell.xib */; };
		FCAE99B02850D0B200247C56 /* SearchViewModel.swift in Sources */ = {isa = PBXBuildFile; fileRef = FCAE99AF2850D0B200247C56 /* SearchViewModel.swift */; };
		FCAE99B22850D0BD00247C56 /* SearchController.swift in Sources */ = {isa = PBXBuildFile; fileRef = FCAE99B12850D0BD00247C56 /* SearchController.swift */; };
		FCAE99B42850D0CD00247C56 /* SearchNavigator.swift in Sources */ = {isa = PBXBuildFile; fileRef = FCAE99B32850D0CD00247C56 /* SearchNavigator.swift */; };
		FCAE99B72850D16400247C56 /* Search.swift in Sources */ = {isa = PBXBuildFile; fileRef = FCAE99B62850D16400247C56 /* Search.swift */; };
		FCBAD915284DC7B400B6892B /* AppDelegate.swift in Sources */ = {isa = PBXBuildFile; fileRef = FCBAD914284DC7B400B6892B /* AppDelegate.swift */; };
		FCBAD91C284DC7B500B6892B /* Main.storyboard in Resources */ = {isa = PBXBuildFile; fileRef = FCBAD91A284DC7B500B6892B /* Main.storyboard */; };
		FCBAD91E284DC7B700B6892B /* Assets.xcassets in Resources */ = {isa = PBXBuildFile; fileRef = FCBAD91D284DC7B700B6892B /* Assets.xcassets */; };
		FCBAD921284DC7B700B6892B /* LaunchScreen.storyboard in Resources */ = {isa = PBXBuildFile; fileRef = FCBAD91F284DC7B700B6892B /* LaunchScreen.storyboard */; };
		FCBAD92C284DC7B700B6892B /* MovieListDemoTests.swift in Sources */ = {isa = PBXBuildFile; fileRef = FCBAD92B284DC7B700B6892B /* MovieListDemoTests.swift */; };
		FCBAD936284DC7B700B6892B /* MovieListDemoUITests.swift in Sources */ = {isa = PBXBuildFile; fileRef = FCBAD935284DC7B700B6892B /* MovieListDemoUITests.swift */; };
		FCBAD938284DC7B700B6892B /* MovieListDemoUITestsLaunchTests.swift in Sources */ = {isa = PBXBuildFile; fileRef = FCBAD937284DC7B700B6892B /* MovieListDemoUITestsLaunchTests.swift */; };
		FCBAD94E284DD0F500B6892B /* Reachability.swift in Sources */ = {isa = PBXBuildFile; fileRef = FCBAD94D284DD0F500B6892B /* Reachability.swift */; };
		FCBAD950284DD11B00B6892B /* Environment.swift in Sources */ = {isa = PBXBuildFile; fileRef = FCBAD94F284DD11B00B6892B /* Environment.swift */; };
		FCBAD952284DD17000B6892B /* Router.swift in Sources */ = {isa = PBXBuildFile; fileRef = FCBAD951284DD17000B6892B /* Router.swift */; };
		FCBAD954284DD41B00B6892B /* AppConstants.swift in Sources */ = {isa = PBXBuildFile; fileRef = FCBAD953284DD41B00B6892B /* AppConstants.swift */; };
		FCBAD956284DD6C500B6892B /* APIManager.swift in Sources */ = {isa = PBXBuildFile; fileRef = FCBAD955284DD6C500B6892B /* APIManager.swift */; };
		FCBAD959284DD71800B6892B /* String+Extension.swift in Sources */ = {isa = PBXBuildFile; fileRef = FCBAD958284DD71800B6892B /* String+Extension.swift */; };
		FCBAD95B284DD9FE00B6892B /* Dictionary+Extension.swift in Sources */ = {isa = PBXBuildFile; fileRef = FCBAD95A284DD9FE00B6892B /* Dictionary+Extension.swift */; };
		FCBAD95D284DDA1F00B6892B /* CharacterSet+Extension.swift in Sources */ = {isa = PBXBuildFile; fileRef = FCBAD95C284DDA1F00B6892B /* CharacterSet+Extension.swift */; };
		FCBAD95F284DE22F00B6892B /* UpcomingViewController.swift in Sources */ = {isa = PBXBuildFile; fileRef = FCBAD95E284DE22F00B6892B /* UpcomingViewController.swift */; };
		FCBAD961284DE23C00B6892B /* SearchViewController.swift in Sources */ = {isa = PBXBuildFile; fileRef = FCBAD960284DE23C00B6892B /* SearchViewController.swift */; };
		FCBAD963284DE24900B6892B /* ProfileViewController.swift in Sources */ = {isa = PBXBuildFile; fileRef = FCBAD962284DE24900B6892B /* ProfileViewController.swift */; };
		FCBAD965284DE31600B6892B /* CustomTabarViewController.swift in Sources */ = {isa = PBXBuildFile; fileRef = FCBAD964284DE31600B6892B /* CustomTabarViewController.swift */; };
		FCBAD967284DE32F00B6892B /* AppManager.swift in Sources */ = {isa = PBXBuildFile; fileRef = FCBAD966284DE32F00B6892B /* AppManager.swift */; };
		FCBAD969284DE5A100B6892B /* UIStoryboard+Extension.swift in Sources */ = {isa = PBXBuildFile; fileRef = FCBAD968284DE5A100B6892B /* UIStoryboard+Extension.swift */; };
		FCBAD96B284E010D00B6892B /* SceneDelegate.swift in Sources */ = {isa = PBXBuildFile; fileRef = FCBAD96A284E010C00B6892B /* SceneDelegate.swift */; };
		FCBAD96D284E05BC00B6892B /* UIView+Extension.swift in Sources */ = {isa = PBXBuildFile; fileRef = FCBAD96C284E05BC00B6892B /* UIView+Extension.swift */; };
		FCBAD971284E08E100B6892B /* UpcommingMovieGridCell.swift in Sources */ = {isa = PBXBuildFile; fileRef = FCBAD96F284E08E100B6892B /* UpcommingMovieGridCell.swift */; };
		FCBAD972284E08E100B6892B /* UpcommingMovieGridCell.xib in Resources */ = {isa = PBXBuildFile; fileRef = FCBAD970284E08E100B6892B /* UpcommingMovieGridCell.xib */; };
		FCBAD977284E092500B6892B /* UpcommingMovieListCell.swift in Sources */ = {isa = PBXBuildFile; fileRef = FCBAD975284E092500B6892B /* UpcommingMovieListCell.swift */; };
		FCBAD978284E092500B6892B /* UpcommingMovieListCell.xib in Resources */ = {isa = PBXBuildFile; fileRef = FCBAD976284E092500B6892B /* UpcommingMovieListCell.xib */; };
		FCBAD97B284E0BE700B6892B /* UpcommingMovieViewModel.swift in Sources */ = {isa = PBXBuildFile; fileRef = FCBAD97A284E0BE700B6892B /* UpcommingMovieViewModel.swift */; };
		FCBAD97D284E0C0200B6892B /* UpcomingMovieController.swift in Sources */ = {isa = PBXBuildFile; fileRef = FCBAD97C284E0C0200B6892B /* UpcomingMovieController.swift */; };
		FCBAD97F284E0C1600B6892B /* UpcomingMovieNavigator.swift in Sources */ = {isa = PBXBuildFile; fileRef = FCBAD97E284E0C1600B6892B /* UpcomingMovieNavigator.swift */; };
		FCBAD981284E0CAB00B6892B /* UpcomingMovie.swift in Sources */ = {isa = PBXBuildFile; fileRef = FCBAD980284E0CAB00B6892B /* UpcomingMovie.swift */; };
		FCBAD983284E12CB00B6892B /* UICollectionView+Extension.swift in Sources */ = {isa = PBXBuildFile; fileRef = FCBAD982284E12CB00B6892B /* UICollectionView+Extension.swift */; };
		FCBAD985284E12E600B6892B /* UITableView+Extension.swift in Sources */ = {isa = PBXBuildFile; fileRef = FCBAD984284E12E600B6892B /* UITableView+Extension.swift */; };
		FCBAD987284E132A00B6892B /* Reusable.swift in Sources */ = {isa = PBXBuildFile; fileRef = FCBAD986284E132A00B6892B /* Reusable.swift */; };
		FCBAD989284E19D200B6892B /* UIImageView+Extension.swift in Sources */ = {isa = PBXBuildFile; fileRef = FCBAD988284E19D200B6892B /* UIImageView+Extension.swift */; };
		FCBAD98B284E19F800B6892B /* ImageCache.swift in Sources */ = {isa = PBXBuildFile; fileRef = FCBAD98A284E19F800B6892B /* ImageCache.swift */; };
		FCBAD98D284E1C5C00B6892B /* UIViewController+Extension.swift in Sources */ = {isa = PBXBuildFile; fileRef = FCBAD98C284E1C5C00B6892B /* UIViewController+Extension.swift */; };
		FCC1DA662857506600F8F65E /* BaseViewController.swift in Sources */ = {isa = PBXBuildFile; fileRef = FCC1DA652857506600F8F65E /* BaseViewController.swift */; };
		FCEFEB6F2851A76A007D4C02 /* SearchDetail.storyboard in Resources */ = {isa = PBXBuildFile; fileRef = FCEFEB6E2851A76A007D4C02 /* SearchDetail.storyboard */; };
		FCEFEB722851A935007D4C02 /* DiscoverViewController.swift in Sources */ = {isa = PBXBuildFile; fileRef = FCEFEB712851A935007D4C02 /* DiscoverViewController.swift */; };
		FCEFEB752851ABBD007D4C02 /* DiscoverCell.swift in Sources */ = {isa = PBXBuildFile; fileRef = FCEFEB732851ABBD007D4C02 /* DiscoverCell.swift */; };
		FCEFEB762851ABBD007D4C02 /* DiscoverCell.xib in Resources */ = {isa = PBXBuildFile; fileRef = FCEFEB742851ABBD007D4C02 /* DiscoverCell.xib */; };
		FCEFEB792851B0BC007D4C02 /* DiscoverViewModel.swift in Sources */ = {isa = PBXBuildFile; fileRef = FCEFEB782851B0BC007D4C02 /* DiscoverViewModel.swift */; };
		FCEFEB7B2851B0C9007D4C02 /* DiscoverController.swift in Sources */ = {isa = PBXBuildFile; fileRef = FCEFEB7A2851B0C9007D4C02 /* DiscoverController.swift */; };
		FCEFEB7D2851B0D8007D4C02 /* DiscoverNavigator.swift in Sources */ = {isa = PBXBuildFile; fileRef = FCEFEB7C2851B0D8007D4C02 /* DiscoverNavigator.swift */; };
		FCEFEB7F2851B6E7007D4C02 /* Discover.swift in Sources */ = {isa = PBXBuildFile; fileRef = FCEFEB7E2851B6E7007D4C02 /* Discover.swift */; };
		FCEFEB812851C6EA007D4C02 /* SimilarNavigator.swift in Sources */ = {isa = PBXBuildFile; fileRef = FCEFEB802851C6EA007D4C02 /* SimilarNavigator.swift */; };
		FCEFEB842851DA68007D4C02 /* PopularAndTopRatedCell.swift in Sources */ = {isa = PBXBuildFile; fileRef = FCEFEB822851DA68007D4C02 /* PopularAndTopRatedCell.swift */; };
		FCEFEB852851DA68007D4C02 /* PopularAndTopRatedCell.xib in Resources */ = {isa = PBXBuildFile; fileRef = FCEFEB832851DA68007D4C02 /* PopularAndTopRatedCell.xib */; };
		FCEFEB8F2851FC79007D4C02 /* MovieDB.swift in Sources */ = {isa = PBXBuildFile; fileRef = FCEFEB8E2851FC79007D4C02 /* MovieDB.swift */; };
		FCEFEB912851FCCA007D4C02 /* MovieDB.db in Resources */ = {isa = PBXBuildFile; fileRef = FCEFEB902851FCCA007D4C02 /* MovieDB.db */; };
		FCEFEB942851FEB1007D4C02 /* DatabaseManager.swift in Sources */ = {isa = PBXBuildFile; fileRef = FCEFEB932851FEB1007D4C02 /* DatabaseManager.swift */; };
		FCEFEB98285207DD007D4C02 /* RecentlyVisitedCell.swift in Sources */ = {isa = PBXBuildFile; fileRef = FCEFEB96285207DD007D4C02 /* RecentlyVisitedCell.swift */; };
		FCEFEB99285207DD007D4C02 /* RecentlyVisitedCell.xib in Resources */ = {isa = PBXBuildFile; fileRef = FCEFEB97285207DD007D4C02 /* RecentlyVisitedCell.xib */; };
		FCEFEB9C28520804007D4C02 /* MovieCell.swift in Sources */ = {isa = PBXBuildFile; fileRef = FCEFEB9A28520804007D4C02 /* MovieCell.swift */; };
		FCEFEB9D28520804007D4C02 /* MovieCell.xib in Resources */ = {isa = PBXBuildFile; fileRef = FCEFEB9B28520804007D4C02 /* MovieCell.xib */; };
		FCF2C18A284F53CC00DAD57F /* DetailsViewController.swift in Sources */ = {isa = PBXBuildFile; fileRef = FCF2C189284F53CC00DAD57F /* DetailsViewController.swift */; };
		FCF2C18E284F59BD00DAD57F /* DetailsViewModel.swift in Sources */ = {isa = PBXBuildFile; fileRef = FCF2C18D284F59BD00DAD57F /* DetailsViewModel.swift */; };
		FCF2C190284F59D100DAD57F /* DetailsController.swift in Sources */ = {isa = PBXBuildFile; fileRef = FCF2C18F284F59D100DAD57F /* DetailsController.swift */; };
		FCF2C192284F59E100DAD57F /* DetailsNavigator.swift in Sources */ = {isa = PBXBuildFile; fileRef = FCF2C191284F59E100DAD57F /* DetailsNavigator.swift */; };
		FCF2C194284F5A9000DAD57F /* Genre.swift in Sources */ = {isa = PBXBuildFile; fileRef = FCF2C193284F5A9000DAD57F /* Genre.swift */; };
		FCF2C1A5284F61ED00DAD57F /* ActivityStyleKit.swift in Sources */ = {isa = PBXBuildFile; fileRef = FCF2C19D284F61ED00DAD57F /* ActivityStyleKit.swift */; };
		FCF2C1A6284F61ED00DAD57F /* ProgressStyleKit.swift in Sources */ = {isa = PBXBuildFile; fileRef = FCF2C19E284F61ED00DAD57F /* ProgressStyleKit.swift */; };
		FCF2C1A7284F61ED00DAD57F /* OrbitActivityIndicatorView.swift in Sources */ = {isa = PBXBuildFile; fileRef = FCF2C19F284F61ED00DAD57F /* OrbitActivityIndicatorView.swift */; };
		FCF2C1A8284F61ED00DAD57F /* ActivityAnimationHelper.swift in Sources */ = {isa = PBXBuildFile; fileRef = FCF2C1A0284F61ED00DAD57F /* ActivityAnimationHelper.swift */; };
		FCF2C1A9284F61ED00DAD57F /* Extensions.swift in Sources */ = {isa = PBXBuildFile; fileRef = FCF2C1A1284F61ED00DAD57F /* Extensions.swift */; };
		FCF2C1AA284F61ED00DAD57F /* AnimationHelper.swift in Sources */ = {isa = PBXBuildFile; fileRef = FCF2C1A2284F61ED00DAD57F /* AnimationHelper.swift */; };
		FCF2C1AB284F61ED00DAD57F /* CircleProgressView.swift in Sources */ = {isa = PBXBuildFile; fileRef = FCF2C1A3284F61ED00DAD57F /* CircleProgressView.swift */; };
		FCF2C1AC284F61ED00DAD57F /* BarProgressView.swift in Sources */ = {isa = PBXBuildFile; fileRef = FCF2C1A4284F61ED00DAD57F /* BarProgressView.swift */; };
		FCF2C1AF284F6A2F00DAD57F /* ReviewViewController.swift in Sources */ = {isa = PBXBuildFile; fileRef = FCF2C1AE284F6A2F00DAD57F /* ReviewViewController.swift */; };
		FCF2C1B3284F6A7000DAD57F /* ReviewViewModel.swift in Sources */ = {isa = PBXBuildFile; fileRef = FCF2C1B2284F6A7000DAD57F /* ReviewViewModel.swift */; };
		FCF2C1B5284F6A7C00DAD57F /* ReviewController.swift in Sources */ = {isa = PBXBuildFile; fileRef = FCF2C1B4284F6A7C00DAD57F /* ReviewController.swift */; };
		FCF2C1B7284F6A8800DAD57F /* Review.swift in Sources */ = {isa = PBXBuildFile; fileRef = FCF2C1B6284F6A8800DAD57F /* Review.swift */; };
		FCF2C1C2284F6E2E00DAD57F /* ReviewCell.swift in Sources */ = {isa = PBXBuildFile; fileRef = FCF2C1C0284F6E2E00DAD57F /* ReviewCell.swift */; };
		FCF2C1C3284F6E2E00DAD57F /* ReviewCell.xib in Resources */ = {isa = PBXBuildFile; fileRef = FCF2C1C1284F6E2E00DAD57F /* ReviewCell.xib */; };
		FCF52754284F16EF0056AF3F /* NameCell.swift in Sources */ = {isa = PBXBuildFile; fileRef = FCF52752284F16EF0056AF3F /* NameCell.swift */; };
		FCF52755284F16EF0056AF3F /* NameCell.xib in Resources */ = {isa = PBXBuildFile; fileRef = FCF52753284F16EF0056AF3F /* NameCell.xib */; };
		FCF52758284F17B90056AF3F /* FavouriteCell.swift in Sources */ = {isa = PBXBuildFile; fileRef = FCF52756284F17B90056AF3F /* FavouriteCell.swift */; };
		FCF52759284F17B90056AF3F /* FavouriteCell.xib in Resources */ = {isa = PBXBuildFile; fileRef = FCF52757284F17B90056AF3F /* FavouriteCell.xib */; };
		FCF5275C284F1A8E0056AF3F /* RecommandAndListCell.swift in Sources */ = {isa = PBXBuildFile; fileRef = FCF5275A284F1A8E0056AF3F /* RecommandAndListCell.swift */; };
		FCF5275D284F1A8E0056AF3F /* RecommandAndListCell.xib in Resources */ = {isa = PBXBuildFile; fileRef = FCF5275B284F1A8E0056AF3F /* RecommandAndListCell.xib */; };
		FCF52760284F1BED0056AF3F /* SignoutCell.swift in Sources */ = {isa = PBXBuildFile; fileRef = FCF5275E284F1BED0056AF3F /* SignoutCell.swift */; };
		FCF52761284F1BED0056AF3F /* SignoutCell.xib in Resources */ = {isa = PBXBuildFile; fileRef = FCF5275F284F1BED0056AF3F /* SignoutCell.xib */; };
		FCF52763284F21D90056AF3F /* Details.storyboard in Resources */ = {isa = PBXBuildFile; fileRef = FCF52762284F21D90056AF3F /* Details.storyboard */; };
		FCFDCDE3285308E000EF2DD2 /* UIImage+Extension.swift in Sources */ = {isa = PBXBuildFile; fileRef = FCFDCDE2285308E000EF2DD2 /* UIImage+Extension.swift */; };
/* End PBXBuildFile section */

/* Begin PBXContainerItemProxy section */
		FCBAD928284DC7B700B6892B /* PBXContainerItemProxy */ = {
			isa = PBXContainerItemProxy;
			containerPortal = FCBAD909284DC7B400B6892B /* Project object */;
			proxyType = 1;
			remoteGlobalIDString = FCBAD910284DC7B400B6892B;
			remoteInfo = MovieListDemo;
		};
		FCBAD932284DC7B700B6892B /* PBXContainerItemProxy */ = {
			isa = PBXContainerItemProxy;
			containerPortal = FCBAD909284DC7B400B6892B /* Project object */;
			proxyType = 1;
			remoteGlobalIDString = FCBAD910284DC7B400B6892B;
			remoteInfo = MovieListDemo;
		};
/* End PBXContainerItemProxy section */

/* Begin PBXFileReference section */
		00A96921F1834D26F84264B7 /* Pods-MovieListDemo.release.xcconfig */ = {isa = PBXFileReference; includeInIndex = 1; lastKnownFileType = text.xcconfig; name = "Pods-MovieListDemo.release.xcconfig"; path = "Target Support Files/Pods-MovieListDemo/Pods-MovieListDemo.release.xcconfig"; sourceTree = "<group>"; };
		22A43EFB95765ECEA07DBCC3 /* Pods-MovieListDemoTests.debug.xcconfig */ = {isa = PBXFileReference; includeInIndex = 1; lastKnownFileType = text.xcconfig; name = "Pods-MovieListDemoTests.debug.xcconfig"; path = "Target Support Files/Pods-MovieListDemoTests/Pods-MovieListDemoTests.debug.xcconfig"; sourceTree = "<group>"; };
		2EC2CBE691850C21B5BAD2A2 /* Pods-MovieListDemoTests.release.xcconfig */ = {isa = PBXFileReference; includeInIndex = 1; lastKnownFileType = text.xcconfig; name = "Pods-MovieListDemoTests.release.xcconfig"; path = "Target Support Files/Pods-MovieListDemoTests/Pods-MovieListDemoTests.release.xcconfig"; sourceTree = "<group>"; };
		33990C38A50E01F47AB9F098 /* Pods_MovieListDemo.framework */ = {isa = PBXFileReference; explicitFileType = wrapper.framework; includeInIndex = 0; path = Pods_MovieListDemo.framework; sourceTree = BUILT_PRODUCTS_DIR; };
		766996E695DAF8FE494ECB86 /* Pods-MovieListDemo.debug.xcconfig */ = {isa = PBXFileReference; includeInIndex = 1; lastKnownFileType = text.xcconfig; name = "Pods-MovieListDemo.debug.xcconfig"; path = "Target Support Files/Pods-MovieListDemo/Pods-MovieListDemo.debug.xcconfig"; sourceTree = "<group>"; };
		7A40757721C36743446B0C47 /* Pods_MovieListDemoTests.framework */ = {isa = PBXFileReference; explicitFileType = wrapper.framework; includeInIndex = 0; path = Pods_MovieListDemoTests.framework; sourceTree = BUILT_PRODUCTS_DIR; };
		8BCA8A54AFFF73449E69686A /* Pods-MovieListDemo-MovieListDemoUITests.release.xcconfig */ = {isa = PBXFileReference; includeInIndex = 1; lastKnownFileType = text.xcconfig; name = "Pods-MovieListDemo-MovieListDemoUITests.release.xcconfig"; path = "Target Support Files/Pods-MovieListDemo-MovieListDemoUITests/Pods-MovieListDemo-MovieListDemoUITests.release.xcconfig"; sourceTree = "<group>"; };
		93A8E9421A641AFF88AAC1B7 /* Pods_MovieListDemo_MovieListDemoUITests.framework */ = {isa = PBXFileReference; explicitFileType = wrapper.framework; includeInIndex = 0; path = Pods_MovieListDemo_MovieListDemoUITests.framework; sourceTree = BUILT_PRODUCTS_DIR; };
		BEB42CA52F392CB1642D8FCA /* Pods-MovieListDemo-MovieListDemoUITests.debug.xcconfig */ = {isa = PBXFileReference; includeInIndex = 1; lastKnownFileType = text.xcconfig; name = "Pods-MovieListDemo-MovieListDemoUITests.debug.xcconfig"; path = "Target Support Files/Pods-MovieListDemo-MovieListDemoUITests/Pods-MovieListDemo-MovieListDemoUITests.debug.xcconfig"; sourceTree = "<group>"; };
		FC44DE2D285054F00033596D /* CreditsViewController.swift */ = {isa = PBXFileReference; lastKnownFileType = sourcecode.swift; path = CreditsViewController.swift; sourceTree = "<group>"; };
		FC44DE32285056700033596D /* CastAndCrewCell.swift */ = {isa = PBXFileReference; lastKnownFileType = sourcecode.swift; path = CastAndCrewCell.swift; sourceTree = "<group>"; };
		FC44DE33285056700033596D /* CastAndCrewCell.xib */ = {isa = PBXFileReference; lastKnownFileType = file.xib; path = CastAndCrewCell.xib; sourceTree = "<group>"; };
		FC44DE3C285056BF0033596D /* HeaderView.swift */ = {isa = PBXFileReference; lastKnownFileType = sourcecode.swift; path = HeaderView.swift; sourceTree = "<group>"; };
		FC44DE3D285056BF0033596D /* HeaderView.xib */ = {isa = PBXFileReference; lastKnownFileType = file.xib; path = HeaderView.xib; sourceTree = "<group>"; };
		FC44DE40285057160033596D /* Credits.swift */ = {isa = PBXFileReference; lastKnownFileType = sourcecode.swift; path = Credits.swift; sourceTree = "<group>"; };
		FC44DE43285064B60033596D /* CreditsViewModel.swift */ = {isa = PBXFileReference; lastKnownFileType = sourcecode.swift; path = CreditsViewModel.swift; sourceTree = "<group>"; };
		FC44DE45285064D20033596D /* CreditsController.swift */ = {isa = PBXFileReference; lastKnownFileType = sourcecode.swift; path = CreditsController.swift; sourceTree = "<group>"; };
		FC44DE4728507CE90033596D /* SimilarViewController.swift */ = {isa = PBXFileReference; lastKnownFileType = sourcecode.swift; path = SimilarViewController.swift; sourceTree = "<group>"; };
		FC44DE4C28507D490033596D /* SimilarCell.swift */ = {isa = PBXFileReference; lastKnownFileType = sourcecode.swift; path = SimilarCell.swift; sourceTree = "<group>"; };
		FC44DE4D28507D490033596D /* SimilarCell.xib */ = {isa = PBXFileReference; lastKnownFileType = file.xib; path = SimilarCell.xib; sourceTree = "<group>"; };
		FCAE99902850860400247C56 /* Similar.swift */ = {isa = PBXFileReference; lastKnownFileType = sourcecode.swift; path = Similar.swift; sourceTree = "<group>"; };
		FCAE99932850872A00247C56 /* SimilarViewModel.swift */ = {isa = PBXFileReference; lastKnownFileType = sourcecode.swift; path = SimilarViewModel.swift; sourceTree = "<group>"; };
		FCAE99952850874D00247C56 /* SimilarController.swift */ = {isa = PBXFileReference; lastKnownFileType = sourcecode.swift; path = SimilarController.swift; sourceTree = "<group>"; };
		FCAE99972850A44E00247C56 /* VideoViewController.swift */ = {isa = PBXFileReference; lastKnownFileType = sourcecode.swift; path = VideoViewController.swift; sourceTree = "<group>"; };
		FCAE99992850A8AC00247C56 /* VideoCell.swift */ = {isa = PBXFileReference; lastKnownFileType = sourcecode.swift; path = VideoCell.swift; sourceTree = "<group>"; };
		FCAE999A2850A8AC00247C56 /* VideoCell.xib */ = {isa = PBXFileReference; lastKnownFileType = file.xib; path = VideoCell.xib; sourceTree = "<group>"; };
		FCAE999E2850A97100247C56 /* VideoViewModel.swift */ = {isa = PBXFileReference; lastKnownFileType = sourcecode.swift; path = VideoViewModel.swift; sourceTree = "<group>"; };
		FCAE99A02850A97D00247C56 /* VideoController.swift */ = {isa = PBXFileReference; lastKnownFileType = sourcecode.swift; path = VideoController.swift; sourceTree = "<group>"; };
		FCAE99A22850A9E400247C56 /* Video.swift */ = {isa = PBXFileReference; lastKnownFileType = sourcecode.swift; path = Video.swift; sourceTree = "<group>"; };
		FCAE99A52850B0C900247C56 /* VideoNavigator.swift */ = {isa = PBXFileReference; lastKnownFileType = sourcecode.swift; path = VideoNavigator.swift; sourceTree = "<group>"; };
		FCAE99A72850B23000247C56 /* PlayerViewController.swift */ = {isa = PBXFileReference; lastKnownFileType = sourcecode.swift; path = PlayerViewController.swift; sourceTree = "<group>"; };
		FCAE99AA2850CF9100247C56 /* GenreCell.swift */ = {isa = PBXFileReference; lastKnownFileType = sourcecode.swift; path = GenreCell.swift; sourceTree = "<group>"; };
		FCAE99AB2850CF9100247C56 /* GenreCell.xib */ = {isa = PBXFileReference; lastKnownFileType = file.xib; path = GenreCell.xib; sourceTree = "<group>"; };
		FCAE99AF2850D0B200247C56 /* SearchViewModel.swift */ = {isa = PBXFileReference; lastKnownFileType = sourcecode.swift; path = SearchViewModel.swift; sourceTree = "<group>"; };
		FCAE99B12850D0BD00247C56 /* SearchController.swift */ = {isa = PBXFileReference; lastKnownFileType = sourcecode.swift; path = SearchController.swift; sourceTree = "<group>"; };
		FCAE99B32850D0CD00247C56 /* SearchNavigator.swift */ = {isa = PBXFileReference; lastKnownFileType = sourcecode.swift; path = SearchNavigator.swift; sourceTree = "<group>"; };
		FCAE99B62850D16400247C56 /* Search.swift */ = {isa = PBXFileReference; lastKnownFileType = sourcecode.swift; path = Search.swift; sourceTree = "<group>"; };
		FCBAD911284DC7B400B6892B /* MovieListDemo.app */ = {isa = PBXFileReference; explicitFileType = wrapper.application; includeInIndex = 0; path = MovieListDemo.app; sourceTree = BUILT_PRODUCTS_DIR; };
		FCBAD914284DC7B400B6892B /* AppDelegate.swift */ = {isa = PBXFileReference; lastKnownFileType = sourcecode.swift; path = AppDelegate.swift; sourceTree = "<group>"; };
		FCBAD91B284DC7B500B6892B /* Base */ = {isa = PBXFileReference; lastKnownFileType = file.storyboard; name = Base; path = Base.lproj/Main.storyboard; sourceTree = "<group>"; };
		FCBAD91D284DC7B700B6892B /* Assets.xcassets */ = {isa = PBXFileReference; lastKnownFileType = folder.assetcatalog; path = Assets.xcassets; sourceTree = "<group>"; };
		FCBAD920284DC7B700B6892B /* Base */ = {isa = PBXFileReference; lastKnownFileType = file.storyboard; name = Base; path = Base.lproj/LaunchScreen.storyboard; sourceTree = "<group>"; };
		FCBAD922284DC7B700B6892B /* Info.plist */ = {isa = PBXFileReference; lastKnownFileType = text.plist.xml; path = Info.plist; sourceTree = "<group>"; };
		FCBAD927284DC7B700B6892B /* MovieListDemoTests.xctest */ = {isa = PBXFileReference; explicitFileType = wrapper.cfbundle; includeInIndex = 0; path = MovieListDemoTests.xctest; sourceTree = BUILT_PRODUCTS_DIR; };
		FCBAD92B284DC7B700B6892B /* MovieListDemoTests.swift */ = {isa = PBXFileReference; lastKnownFileType = sourcecode.swift; path = MovieListDemoTests.swift; sourceTree = "<group>"; };
		FCBAD931284DC7B700B6892B /* MovieListDemoUITests.xctest */ = {isa = PBXFileReference; explicitFileType = wrapper.cfbundle; includeInIndex = 0; path = MovieListDemoUITests.xctest; sourceTree = BUILT_PRODUCTS_DIR; };
		FCBAD935284DC7B700B6892B /* MovieListDemoUITests.swift */ = {isa = PBXFileReference; lastKnownFileType = sourcecode.swift; path = MovieListDemoUITests.swift; sourceTree = "<group>"; };
		FCBAD937284DC7B700B6892B /* MovieListDemoUITestsLaunchTests.swift */ = {isa = PBXFileReference; lastKnownFileType = sourcecode.swift; path = MovieListDemoUITestsLaunchTests.swift; sourceTree = "<group>"; };
		FCBAD94D284DD0F500B6892B /* Reachability.swift */ = {isa = PBXFileReference; lastKnownFileType = sourcecode.swift; path = Reachability.swift; sourceTree = "<group>"; };
		FCBAD94F284DD11B00B6892B /* Environment.swift */ = {isa = PBXFileReference; lastKnownFileType = sourcecode.swift; path = Environment.swift; sourceTree = "<group>"; };
		FCBAD951284DD17000B6892B /* Router.swift */ = {isa = PBXFileReference; lastKnownFileType = sourcecode.swift; path = Router.swift; sourceTree = "<group>"; };
		FCBAD953284DD41B00B6892B /* AppConstants.swift */ = {isa = PBXFileReference; lastKnownFileType = sourcecode.swift; path = AppConstants.swift; sourceTree = "<group>"; };
		FCBAD955284DD6C500B6892B /* APIManager.swift */ = {isa = PBXFileReference; lastKnownFileType = sourcecode.swift; path = APIManager.swift; sourceTree = "<group>"; };
		FCBAD958284DD71800B6892B /* String+Extension.swift */ = {isa = PBXFileReference; lastKnownFileType = sourcecode.swift; path = "String+Extension.swift"; sourceTree = "<group>"; };
		FCBAD95A284DD9FE00B6892B /* Dictionary+Extension.swift */ = {isa = PBXFileReference; lastKnownFileType = sourcecode.swift; path = "Dictionary+Extension.swift"; sourceTree = "<group>"; };
		FCBAD95C284DDA1F00B6892B /* CharacterSet+Extension.swift */ = {isa = PBXFileReference; lastKnownFileType = sourcecode.swift; path = "CharacterSet+Extension.swift"; sourceTree = "<group>"; };
		FCBAD95E284DE22F00B6892B /* UpcomingViewController.swift */ = {isa = PBXFileReference; lastKnownFileType = sourcecode.swift; path = UpcomingViewController.swift; sourceTree = "<group>"; };
		FCBAD960284DE23C00B6892B /* SearchViewController.swift */ = {isa = PBXFileReference; lastKnownFileType = sourcecode.swift; path = SearchViewController.swift; sourceTree = "<group>"; };
		FCBAD962284DE24900B6892B /* ProfileViewController.swift */ = {isa = PBXFileReference; lastKnownFileType = sourcecode.swift; path = ProfileViewController.swift; sourceTree = "<group>"; };
		FCBAD964284DE31600B6892B /* CustomTabarViewController.swift */ = {isa = PBXFileReference; lastKnownFileType = sourcecode.swift; path = CustomTabarViewController.swift; sourceTree = "<group>"; };
		FCBAD966284DE32F00B6892B /* AppManager.swift */ = {isa = PBXFileReference; lastKnownFileType = sourcecode.swift; path = AppManager.swift; sourceTree = "<group>"; };
		FCBAD968284DE5A100B6892B /* UIStoryboard+Extension.swift */ = {isa = PBXFileReference; lastKnownFileType = sourcecode.swift; path = "UIStoryboard+Extension.swift"; sourceTree = "<group>"; };
		FCBAD96A284E010C00B6892B /* SceneDelegate.swift */ = {isa = PBXFileReference; fileEncoding = 4; lastKnownFileType = sourcecode.swift; path = SceneDelegate.swift; sourceTree = "<group>"; };
		FCBAD96C284E05BC00B6892B /* UIView+Extension.swift */ = {isa = PBXFileReference; lastKnownFileType = sourcecode.swift; path = "UIView+Extension.swift"; sourceTree = "<group>"; };
		FCBAD96F284E08E100B6892B /* UpcommingMovieGridCell.swift */ = {isa = PBXFileReference; lastKnownFileType = sourcecode.swift; path = UpcommingMovieGridCell.swift; sourceTree = "<group>"; };
		FCBAD970284E08E100B6892B /* UpcommingMovieGridCell.xib */ = {isa = PBXFileReference; lastKnownFileType = file.xib; path = UpcommingMovieGridCell.xib; sourceTree = "<group>"; };
		FCBAD975284E092500B6892B /* UpcommingMovieListCell.swift */ = {isa = PBXFileReference; lastKnownFileType = sourcecode.swift; path = UpcommingMovieListCell.swift; sourceTree = "<group>"; };
		FCBAD976284E092500B6892B /* UpcommingMovieListCell.xib */ = {isa = PBXFileReference; lastKnownFileType = file.xib; path = UpcommingMovieListCell.xib; sourceTree = "<group>"; };
		FCBAD97A284E0BE700B6892B /* UpcommingMovieViewModel.swift */ = {isa = PBXFileReference; lastKnownFileType = sourcecode.swift; path = UpcommingMovieViewModel.swift; sourceTree = "<group>"; };
		FCBAD97C284E0C0200B6892B /* UpcomingMovieController.swift */ = {isa = PBXFileReference; lastKnownFileType = sourcecode.swift; path = UpcomingMovieController.swift; sourceTree = "<group>"; };
		FCBAD97E284E0C1600B6892B /* UpcomingMovieNavigator.swift */ = {isa = PBXFileReference; lastKnownFileType = sourcecode.swift; path = UpcomingMovieNavigator.swift; sourceTree = "<group>"; };
		FCBAD980284E0CAB00B6892B /* UpcomingMovie.swift */ = {isa = PBXFileReference; lastKnownFileType = sourcecode.swift; path = UpcomingMovie.swift; sourceTree = "<group>"; };
		FCBAD982284E12CB00B6892B /* UICollectionView+Extension.swift */ = {isa = PBXFileReference; lastKnownFileType = sourcecode.swift; path = "UICollectionView+Extension.swift"; sourceTree = "<group>"; };
		FCBAD984284E12E600B6892B /* UITableView+Extension.swift */ = {isa = PBXFileReference; lastKnownFileType = sourcecode.swift; path = "UITableView+Extension.swift"; sourceTree = "<group>"; };
		FCBAD986284E132A00B6892B /* Reusable.swift */ = {isa = PBXFileReference; lastKnownFileType = sourcecode.swift; path = Reusable.swift; sourceTree = "<group>"; };
		FCBAD988284E19D200B6892B /* UIImageView+Extension.swift */ = {isa = PBXFileReference; lastKnownFileType = sourcecode.swift; path = "UIImageView+Extension.swift"; sourceTree = "<group>"; };
		FCBAD98A284E19F800B6892B /* ImageCache.swift */ = {isa = PBXFileReference; lastKnownFileType = sourcecode.swift; path = ImageCache.swift; sourceTree = "<group>"; };
		FCBAD98C284E1C5C00B6892B /* UIViewController+Extension.swift */ = {isa = PBXFileReference; lastKnownFileType = sourcecode.swift; path = "UIViewController+Extension.swift"; sourceTree = "<group>"; };
		FCC1DA652857506600F8F65E /* BaseViewController.swift */ = {isa = PBXFileReference; lastKnownFileType = sourcecode.swift; path = BaseViewController.swift; sourceTree = "<group>"; };
		FCEFEB6E2851A76A007D4C02 /* SearchDetail.storyboard */ = {isa = PBXFileReference; lastKnownFileType = file.storyboard; path = SearchDetail.storyboard; sourceTree = "<group>"; };
		FCEFEB712851A935007D4C02 /* DiscoverViewController.swift */ = {isa = PBXFileReference; lastKnownFileType = sourcecode.swift; path = DiscoverViewController.swift; sourceTree = "<group>"; };
		FCEFEB732851ABBD007D4C02 /* DiscoverCell.swift */ = {isa = PBXFileReference; lastKnownFileType = sourcecode.swift; path = DiscoverCell.swift; sourceTree = "<group>"; };
		FCEFEB742851ABBD007D4C02 /* DiscoverCell.xib */ = {isa = PBXFileReference; lastKnownFileType = file.xib; path = DiscoverCell.xib; sourceTree = "<group>"; };
		FCEFEB782851B0BC007D4C02 /* DiscoverViewModel.swift */ = {isa = PBXFileReference; lastKnownFileType = sourcecode.swift; path = DiscoverViewModel.swift; sourceTree = "<group>"; };
		FCEFEB7A2851B0C9007D4C02 /* DiscoverController.swift */ = {isa = PBXFileReference; lastKnownFileType = sourcecode.swift; path = DiscoverController.swift; sourceTree = "<group>"; };
		FCEFEB7C2851B0D8007D4C02 /* DiscoverNavigator.swift */ = {isa = PBXFileReference; lastKnownFileType = sourcecode.swift; path = DiscoverNavigator.swift; sourceTree = "<group>"; };
		FCEFEB7E2851B6E7007D4C02 /* Discover.swift */ = {isa = PBXFileReference; lastKnownFileType = sourcecode.swift; path = Discover.swift; sourceTree = "<group>"; };
		FCEFEB802851C6EA007D4C02 /* SimilarNavigator.swift */ = {isa = PBXFileReference; lastKnownFileType = sourcecode.swift; path = SimilarNavigator.swift; sourceTree = "<group>"; };
		FCEFEB822851DA68007D4C02 /* PopularAndTopRatedCell.swift */ = {isa = PBXFileReference; lastKnownFileType = sourcecode.swift; path = PopularAndTopRatedCell.swift; sourceTree = "<group>"; };
		FCEFEB832851DA68007D4C02 /* PopularAndTopRatedCell.xib */ = {isa = PBXFileReference; lastKnownFileType = file.xib; path = PopularAndTopRatedCell.xib; sourceTree = "<group>"; };
		FCEFEB8E2851FC79007D4C02 /* MovieDB.swift */ = {isa = PBXFileReference; lastKnownFileType = sourcecode.swift; path = MovieDB.swift; sourceTree = "<group>"; };
		FCEFEB902851FCCA007D4C02 /* MovieDB.db */ = {isa = PBXFileReference; lastKnownFileType = file; path = MovieDB.db; sourceTree = "<group>"; };
		FCEFEB932851FEB1007D4C02 /* DatabaseManager.swift */ = {isa = PBXFileReference; lastKnownFileType = sourcecode.swift; path = DatabaseManager.swift; sourceTree = "<group>"; };
		FCEFEB96285207DD007D4C02 /* RecentlyVisitedCell.swift */ = {isa = PBXFileReference; lastKnownFileType = sourcecode.swift; path = RecentlyVisitedCell.swift; sourceTree = "<group>"; };
		FCEFEB97285207DD007D4C02 /* RecentlyVisitedCell.xib */ = {isa = PBXFileReference; lastKnownFileType = file.xib; path = RecentlyVisitedCell.xib; sourceTree = "<group>"; };
		FCEFEB9A28520804007D4C02 /* MovieCell.swift */ = {isa = PBXFileReference; lastKnownFileType = sourcecode.swift; path = MovieCell.swift; sourceTree = "<group>"; };
		FCEFEB9B28520804007D4C02 /* MovieCell.xib */ = {isa = PBXFileReference; lastKnownFileType = file.xib; path = MovieCell.xib; sourceTree = "<group>"; };
		FCF2C189284F53CC00DAD57F /* DetailsViewController.swift */ = {isa = PBXFileReference; lastKnownFileType = sourcecode.swift; path = DetailsViewController.swift; sourceTree = "<group>"; };
		FCF2C18D284F59BD00DAD57F /* DetailsViewModel.swift */ = {isa = PBXFileReference; lastKnownFileType = sourcecode.swift; path = DetailsViewModel.swift; sourceTree = "<group>"; };
		FCF2C18F284F59D100DAD57F /* DetailsController.swift */ = {isa = PBXFileReference; lastKnownFileType = sourcecode.swift; path = DetailsController.swift; sourceTree = "<group>"; };
		FCF2C191284F59E100DAD57F /* DetailsNavigator.swift */ = {isa = PBXFileReference; lastKnownFileType = sourcecode.swift; path = DetailsNavigator.swift; sourceTree = "<group>"; };
		FCF2C193284F5A9000DAD57F /* Genre.swift */ = {isa = PBXFileReference; lastKnownFileType = sourcecode.swift; path = Genre.swift; sourceTree = "<group>"; };
		FCF2C19D284F61ED00DAD57F /* ActivityStyleKit.swift */ = {isa = PBXFileReference; fileEncoding = 4; lastKnownFileType = sourcecode.swift; path = ActivityStyleKit.swift; sourceTree = "<group>"; };
		FCF2C19E284F61ED00DAD57F /* ProgressStyleKit.swift */ = {isa = PBXFileReference; fileEncoding = 4; lastKnownFileType = sourcecode.swift; path = ProgressStyleKit.swift; sourceTree = "<group>"; };
		FCF2C19F284F61ED00DAD57F /* OrbitActivityIndicatorView.swift */ = {isa = PBXFileReference; fileEncoding = 4; lastKnownFileType = sourcecode.swift; path = OrbitActivityIndicatorView.swift; sourceTree = "<group>"; };
		FCF2C1A0284F61ED00DAD57F /* ActivityAnimationHelper.swift */ = {isa = PBXFileReference; fileEncoding = 4; lastKnownFileType = sourcecode.swift; path = ActivityAnimationHelper.swift; sourceTree = "<group>"; };
		FCF2C1A1284F61ED00DAD57F /* Extensions.swift */ = {isa = PBXFileReference; fileEncoding = 4; lastKnownFileType = sourcecode.swift; path = Extensions.swift; sourceTree = "<group>"; };
		FCF2C1A2284F61ED00DAD57F /* AnimationHelper.swift */ = {isa = PBXFileReference; fileEncoding = 4; lastKnownFileType = sourcecode.swift; path = AnimationHelper.swift; sourceTree = "<group>"; };
		FCF2C1A3284F61ED00DAD57F /* CircleProgressView.swift */ = {isa = PBXFileReference; fileEncoding = 4; lastKnownFileType = sourcecode.swift; path = CircleProgressView.swift; sourceTree = "<group>"; };
		FCF2C1A4284F61ED00DAD57F /* BarProgressView.swift */ = {isa = PBXFileReference; fileEncoding = 4; lastKnownFileType = sourcecode.swift; path = BarProgressView.swift; sourceTree = "<group>"; };
		FCF2C1AE284F6A2F00DAD57F /* ReviewViewController.swift */ = {isa = PBXFileReference; lastKnownFileType = sourcecode.swift; path = ReviewViewController.swift; sourceTree = "<group>"; };
		FCF2C1B2284F6A7000DAD57F /* ReviewViewModel.swift */ = {isa = PBXFileReference; lastKnownFileType = sourcecode.swift; path = ReviewViewModel.swift; sourceTree = "<group>"; };
		FCF2C1B4284F6A7C00DAD57F /* ReviewController.swift */ = {isa = PBXFileReference; lastKnownFileType = sourcecode.swift; path = ReviewController.swift; sourceTree = "<group>"; };
		FCF2C1B6284F6A8800DAD57F /* Review.swift */ = {isa = PBXFileReference; lastKnownFileType = sourcecode.swift; path = Review.swift; sourceTree = "<group>"; };
		FCF2C1C0284F6E2E00DAD57F /* ReviewCell.swift */ = {isa = PBXFileReference; lastKnownFileType = sourcecode.swift; path = ReviewCell.swift; sourceTree = "<group>"; };
		FCF2C1C1284F6E2E00DAD57F /* ReviewCell.xib */ = {isa = PBXFileReference; lastKnownFileType = file.xib; path = ReviewCell.xib; sourceTree = "<group>"; };
		FCF52752284F16EF0056AF3F /* NameCell.swift */ = {isa = PBXFileReference; lastKnownFileType = sourcecode.swift; path = NameCell.swift; sourceTree = "<group>"; };
		FCF52753284F16EF0056AF3F /* NameCell.xib */ = {isa = PBXFileReference; lastKnownFileType = file.xib; path = NameCell.xib; sourceTree = "<group>"; };
		FCF52756284F17B90056AF3F /* FavouriteCell.swift */ = {isa = PBXFileReference; lastKnownFileType = sourcecode.swift; path = FavouriteCell.swift; sourceTree = "<group>"; };
		FCF52757284F17B90056AF3F /* FavouriteCell.xib */ = {isa = PBXFileReference; lastKnownFileType = file.xib; path = FavouriteCell.xib; sourceTree = "<group>"; };
		FCF5275A284F1A8E0056AF3F /* RecommandAndListCell.swift */ = {isa = PBXFileReference; lastKnownFileType = sourcecode.swift; path = RecommandAndListCell.swift; sourceTree = "<group>"; };
		FCF5275B284F1A8E0056AF3F /* RecommandAndListCell.xib */ = {isa = PBXFileReference; lastKnownFileType = file.xib; path = RecommandAndListCell.xib; sourceTree = "<group>"; };
		FCF5275E284F1BED0056AF3F /* SignoutCell.swift */ = {isa = PBXFileReference; lastKnownFileType = sourcecode.swift; path = SignoutCell.swift; sourceTree = "<group>"; };
		FCF5275F284F1BED0056AF3F /* SignoutCell.xib */ = {isa = PBXFileReference; lastKnownFileType = file.xib; path = SignoutCell.xib; sourceTree = "<group>"; };
		FCF52762284F21D90056AF3F /* Details.storyboard */ = {isa = PBXFileReference; lastKnownFileType = file.storyboard; path = Details.storyboard; sourceTree = "<group>"; };
		FCFDCDE2285308E000EF2DD2 /* UIImage+Extension.swift */ = {isa = PBXFileReference; lastKnownFileType = sourcecode.swift; path = "UIImage+Extension.swift"; sourceTree = "<group>"; };
/* End PBXFileReference section */

/* Begin PBXFrameworksBuildPhase section */
		FCBAD90E284DC7B400B6892B /* Frameworks */ = {
			isa = PBXFrameworksBuildPhase;
			buildActionMask = 2147483647;
			files = (
				14FF887CEDAB6F30FEFF3EF1 /* Pods_MovieListDemo.framework in Frameworks */,
			);
			runOnlyForDeploymentPostprocessing = 0;
		};
		FCBAD924284DC7B700B6892B /* Frameworks */ = {
			isa = PBXFrameworksBuildPhase;
			buildActionMask = 2147483647;
			files = (
				A943A4A886FC06F1BD4D711F /* Pods_MovieListDemoTests.framework in Frameworks */,
			);
			runOnlyForDeploymentPostprocessing = 0;
		};
		FCBAD92E284DC7B700B6892B /* Frameworks */ = {
			isa = PBXFrameworksBuildPhase;
			buildActionMask = 2147483647;
			files = (
				F5AECEEB3ACEF04F437F4C9A /* Pods_MovieListDemo_MovieListDemoUITests.framework in Frameworks */,
			);
			runOnlyForDeploymentPostprocessing = 0;
		};
/* End PBXFrameworksBuildPhase section */

/* Begin PBXGroup section */
		43F98F16770C329CA6520947 /* Frameworks */ = {
			isa = PBXGroup;
			children = (
				33990C38A50E01F47AB9F098 /* Pods_MovieListDemo.framework */,
				93A8E9421A641AFF88AAC1B7 /* Pods_MovieListDemo_MovieListDemoUITests.framework */,
				7A40757721C36743446B0C47 /* Pods_MovieListDemoTests.framework */,
			);
			name = Frameworks;
			sourceTree = "<group>";
		};
		7EBC5140152415AF5886D2E6 /* Pods */ = {
			isa = PBXGroup;
			children = (
				766996E695DAF8FE494ECB86 /* Pods-MovieListDemo.debug.xcconfig */,
				00A96921F1834D26F84264B7 /* Pods-MovieListDemo.release.xcconfig */,
				BEB42CA52F392CB1642D8FCA /* Pods-MovieListDemo-MovieListDemoUITests.debug.xcconfig */,
				8BCA8A54AFFF73449E69686A /* Pods-MovieListDemo-MovieListDemoUITests.release.xcconfig */,
				22A43EFB95765ECEA07DBCC3 /* Pods-MovieListDemoTests.debug.xcconfig */,
				2EC2CBE691850C21B5BAD2A2 /* Pods-MovieListDemoTests.release.xcconfig */,
			);
			path = Pods;
			sourceTree = "<group>";
		};
		FC44DE2F285056360033596D /* CreditsCell */ = {
			isa = PBXGroup;
			children = (
				FC44DE32285056700033596D /* CastAndCrewCell.swift */,
				FC44DE33285056700033596D /* CastAndCrewCell.xib */,
				FC44DE3C285056BF0033596D /* HeaderView.swift */,
				FC44DE3D285056BF0033596D /* HeaderView.xib */,
			);
			path = CreditsCell;
			sourceTree = "<group>";
		};
		FC44DE422850649D0033596D /* CreditsViewModel */ = {
			isa = PBXGroup;
			children = (
				FC44DE43285064B60033596D /* CreditsViewModel.swift */,
				FC44DE45285064D20033596D /* CreditsController.swift */,
			);
			path = CreditsViewModel;
			sourceTree = "<group>";
		};
		FC44DE4928507D190033596D /* SimilarCell */ = {
			isa = PBXGroup;
			children = (
				FC44DE4C28507D490033596D /* SimilarCell.swift */,
				FC44DE4D28507D490033596D /* SimilarCell.xib */,
			);
			path = SimilarCell;
			sourceTree = "<group>";
		};
		FCAE99922850871600247C56 /* SimilarViewModel */ = {
			isa = PBXGroup;
			children = (
				FCAE99932850872A00247C56 /* SimilarViewModel.swift */,
				FCAE99952850874D00247C56 /* SimilarController.swift */,
				FCEFEB802851C6EA007D4C02 /* SimilarNavigator.swift */,
			);
			path = SimilarViewModel;
			sourceTree = "<group>";
		};
		FCAE999D2850A95F00247C56 /* VideoViewModel */ = {
			isa = PBXGroup;
			children = (
				FCAE999E2850A97100247C56 /* VideoViewModel.swift */,
				FCAE99A02850A97D00247C56 /* VideoController.swift */,
				FCAE99A52850B0C900247C56 /* VideoNavigator.swift */,
			);
			path = VideoViewModel;
			sourceTree = "<group>";
		};
		FCAE99A42850AAFA00247C56 /* VideoCell */ = {
			isa = PBXGroup;
			children = (
				FCAE99992850A8AC00247C56 /* VideoCell.swift */,
				FCAE999A2850A8AC00247C56 /* VideoCell.xib */,
			);
			path = VideoCell;
			sourceTree = "<group>";
		};
		FCAE99A92850CF7300247C56 /* SearchCell */ = {
			isa = PBXGroup;
			children = (
				FCEFEB95285207C0007D4C02 /* RecentlyVisitedCell */,
				FCAE99AA2850CF9100247C56 /* GenreCell.swift */,
				FCAE99AB2850CF9100247C56 /* GenreCell.xib */,
				FCEFEB732851ABBD007D4C02 /* DiscoverCell.swift */,
				FCEFEB742851ABBD007D4C02 /* DiscoverCell.xib */,
				FCEFEB822851DA68007D4C02 /* PopularAndTopRatedCell.swift */,
				FCEFEB832851DA68007D4C02 /* PopularAndTopRatedCell.xib */,
			);
			path = SearchCell;
			sourceTree = "<group>";
		};
		FCAE99AE2850D09E00247C56 /* SearchViewModel */ = {
			isa = PBXGroup;
			children = (
				FCEFEB772851B09F007D4C02 /* DiscoverViewModel */,
				FCAE99AF2850D0B200247C56 /* SearchViewModel.swift */,
				FCAE99B12850D0BD00247C56 /* SearchController.swift */,
				FCAE99B32850D0CD00247C56 /* SearchNavigator.swift */,
			);
			path = SearchViewModel;
			sourceTree = "<group>";
		};
		FCAE99B52850D15100247C56 /* SearchModel */ = {
			isa = PBXGroup;
			children = (
				FCAE99B62850D16400247C56 /* Search.swift */,
				FCEFEB7E2851B6E7007D4C02 /* Discover.swift */,
			);
			path = SearchModel;
			sourceTree = "<group>";
		};
		FCBAD908284DC7B400B6892B = {
			isa = PBXGroup;
			children = (
				FCBAD913284DC7B400B6892B /* MovieListDemo */,
				FCBAD92A284DC7B700B6892B /* MovieListDemoTests */,
				FCBAD934284DC7B700B6892B /* MovieListDemoUITests */,
				FCBAD912284DC7B400B6892B /* Products */,
				7EBC5140152415AF5886D2E6 /* Pods */,
				43F98F16770C329CA6520947 /* Frameworks */,
			);
			sourceTree = "<group>";
		};
		FCBAD912284DC7B400B6892B /* Products */ = {
			isa = PBXGroup;
			children = (
				FCBAD911284DC7B400B6892B /* MovieListDemo.app */,
				FCBAD927284DC7B700B6892B /* MovieListDemoTests.xctest */,
				FCBAD931284DC7B700B6892B /* MovieListDemoUITests.xctest */,
			);
			name = Products;
			sourceTree = "<group>";
		};
		FCBAD913284DC7B400B6892B /* MovieListDemo */ = {
			isa = PBXGroup;
			children = (
				FCEFEB922851FE99007D4C02 /* DatabaseManager */,
				FCF2C198284F615B00DAD57F /* Library */,
				FCBAD944284DCF4F00B6892B /* Network */,
				FCBAD94C284DCFBA00B6892B /* Storyoard */,
				FCBAD94B284DCFA600B6892B /* Extensions */,
				FCBAD94A284DCF9F00B6892B /* Utility */,
				FCBAD947284DCF6E00B6892B /* Model */,
				FCBAD948284DCF7700B6892B /* View */,
				FCBAD946284DCF6600B6892B /* ViewModel */,
				FCBAD914284DC7B400B6892B /* AppDelegate.swift */,
				FCBAD96A284E010C00B6892B /* SceneDelegate.swift */,
				FCBAD91D284DC7B700B6892B /* Assets.xcassets */,
				FCBAD91F284DC7B700B6892B /* LaunchScreen.storyboard */,
				FCBAD922284DC7B700B6892B /* Info.plist */,
			);
			path = MovieListDemo;
			sourceTree = "<group>";
		};
		FCBAD92A284DC7B700B6892B /* MovieListDemoTests */ = {
			isa = PBXGroup;
			children = (
				FCBAD92B284DC7B700B6892B /* MovieListDemoTests.swift */,
			);
			path = MovieListDemoTests;
			sourceTree = "<group>";
		};
		FCBAD934284DC7B700B6892B /* MovieListDemoUITests */ = {
			isa = PBXGroup;
			children = (
				FCBAD935284DC7B700B6892B /* MovieListDemoUITests.swift */,
				FCBAD937284DC7B700B6892B /* MovieListDemoUITestsLaunchTests.swift */,
			);
			path = MovieListDemoUITests;
			sourceTree = "<group>";
		};
		FCBAD944284DCF4F00B6892B /* Network */ = {
			isa = PBXGroup;
			children = (
				FCBAD94D284DD0F500B6892B /* Reachability.swift */,
				FCBAD94F284DD11B00B6892B /* Environment.swift */,
				FCBAD951284DD17000B6892B /* Router.swift */,
				FCBAD955284DD6C500B6892B /* APIManager.swift */,
			);
			path = Network;
			sourceTree = "<group>";
		};
		FCBAD945284DCF5C00B6892B /* Cell */ = {
			isa = PBXGroup;
			children = (
				FCAE99A92850CF7300247C56 /* SearchCell */,
				FCF2C1B9284F6DC700DAD57F /* DetailDataCell */,
				FCF52751284F16C80056AF3F /* ProfileCell */,
				FCBAD96E284E089400B6892B /* UpcomingMovieCell */,
			);
			path = Cell;
			sourceTree = "<group>";
		};
		FCBAD946284DCF6600B6892B /* ViewModel */ = {
			isa = PBXGroup;
			children = (
				FCAE99AE2850D09E00247C56 /* SearchViewModel */,
				FCF2C18B284F599900DAD57F /* AllDetailsViewModel */,
				FCBAD979284E0BB900B6892B /* UpcommingMovieViewModel */,
			);
			path = ViewModel;
			sourceTree = "<group>";
		};
		FCBAD947284DCF6E00B6892B /* Model */ = {
			isa = PBXGroup;
			children = (
				FCEFEB8D2851F594007D4C02 /* DatabaseModel */,
				FCAE99B52850D15100247C56 /* SearchModel */,
				FCF2C1B1284F6A5900DAD57F /* DetailModel */,
				FCBAD980284E0CAB00B6892B /* UpcomingMovie.swift */,
				FCF2C193284F5A9000DAD57F /* Genre.swift */,
			);
			path = Model;
			sourceTree = "<group>";
		};
		FCBAD948284DCF7700B6892B /* View */ = {
			isa = PBXGroup;
			children = (
				FCBAD949284DCF9100B6892B /* Controllers */,
				FCBAD945284DCF5C00B6892B /* Cell */,
			);
			path = View;
			sourceTree = "<group>";
		};
		FCBAD949284DCF9100B6892B /* Controllers */ = {
			isa = PBXGroup;
			children = (
				FCEFEB702851A90B007D4C02 /* SearchDetailsController */,
				FCF2C1AD284F6A0600DAD57F /* DetailsContoller */,
				FCBAD95E284DE22F00B6892B /* UpcomingViewController.swift */,
				FCBAD960284DE23C00B6892B /* SearchViewController.swift */,
				FCBAD962284DE24900B6892B /* ProfileViewController.swift */,
				FCBAD964284DE31600B6892B /* CustomTabarViewController.swift */,
				FCC1DA652857506600F8F65E /* BaseViewController.swift */,
			);
			path = Controllers;
			sourceTree = "<group>";
		};
		FCBAD94A284DCF9F00B6892B /* Utility */ = {
			isa = PBXGroup;
			children = (
				FCBAD953284DD41B00B6892B /* AppConstants.swift */,
				FCBAD966284DE32F00B6892B /* AppManager.swift */,
				FCBAD98A284E19F800B6892B /* ImageCache.swift */,
			);
			path = Utility;
			sourceTree = "<group>";
		};
		FCBAD94B284DCFA600B6892B /* Extensions */ = {
			isa = PBXGroup;
			children = (
				FCBAD957284DD6F600B6892B /* UIKit+Extension */,
				FCBAD958284DD71800B6892B /* String+Extension.swift */,
				FCBAD95A284DD9FE00B6892B /* Dictionary+Extension.swift */,
				FCBAD95C284DDA1F00B6892B /* CharacterSet+Extension.swift */,
			);
			path = Extensions;
			sourceTree = "<group>";
		};
		FCBAD94C284DCFBA00B6892B /* Storyoard */ = {
			isa = PBXGroup;
			children = (
				FCBAD91A284DC7B500B6892B /* Main.storyboard */,
				FCF52762284F21D90056AF3F /* Details.storyboard */,
				FCEFEB6E2851A76A007D4C02 /* SearchDetail.storyboard */,
			);
			path = Storyoard;
			sourceTree = "<group>";
		};
		FCBAD957284DD6F600B6892B /* UIKit+Extension */ = {
			isa = PBXGroup;
			children = (
				FCBAD968284DE5A100B6892B /* UIStoryboard+Extension.swift */,
				FCBAD96C284E05BC00B6892B /* UIView+Extension.swift */,
				FCBAD982284E12CB00B6892B /* UICollectionView+Extension.swift */,
				FCBAD984284E12E600B6892B /* UITableView+Extension.swift */,
				FCBAD986284E132A00B6892B /* Reusable.swift */,
				FCBAD988284E19D200B6892B /* UIImageView+Extension.swift */,
				FCBAD98C284E1C5C00B6892B /* UIViewController+Extension.swift */,
				FCFDCDE2285308E000EF2DD2 /* UIImage+Extension.swift */,
			);
			path = "UIKit+Extension";
			sourceTree = "<group>";
		};
		FCBAD96E284E089400B6892B /* UpcomingMovieCell */ = {
			isa = PBXGroup;
			children = (
				FCBAD96F284E08E100B6892B /* UpcommingMovieGridCell.swift */,
				FCBAD970284E08E100B6892B /* UpcommingMovieGridCell.xib */,
				FCBAD975284E092500B6892B /* UpcommingMovieListCell.swift */,
				FCBAD976284E092500B6892B /* UpcommingMovieListCell.xib */,
			);
			path = UpcomingMovieCell;
			sourceTree = "<group>";
		};
		FCBAD979284E0BB900B6892B /* UpcommingMovieViewModel */ = {
			isa = PBXGroup;
			children = (
				FCBAD97A284E0BE700B6892B /* UpcommingMovieViewModel.swift */,
				FCBAD97C284E0C0200B6892B /* UpcomingMovieController.swift */,
				FCBAD97E284E0C1600B6892B /* UpcomingMovieNavigator.swift */,
			);
			path = UpcommingMovieViewModel;
			sourceTree = "<group>";
		};
		FCEFEB702851A90B007D4C02 /* SearchDetailsController */ = {
			isa = PBXGroup;
			children = (
				FCEFEB712851A935007D4C02 /* DiscoverViewController.swift */,
			);
			path = SearchDetailsController;
			sourceTree = "<group>";
		};
		FCEFEB772851B09F007D4C02 /* DiscoverViewModel */ = {
			isa = PBXGroup;
			children = (
				FCEFEB782851B0BC007D4C02 /* DiscoverViewModel.swift */,
				FCEFEB7A2851B0C9007D4C02 /* DiscoverController.swift */,
				FCEFEB7C2851B0D8007D4C02 /* DiscoverNavigator.swift */,
			);
			path = DiscoverViewModel;
			sourceTree = "<group>";
		};
		FCEFEB8D2851F594007D4C02 /* DatabaseModel */ = {
			isa = PBXGroup;
			children = (
				FCEFEB8E2851FC79007D4C02 /* MovieDB.swift */,
			);
			path = DatabaseModel;
			sourceTree = "<group>";
		};
		FCEFEB922851FE99007D4C02 /* DatabaseManager */ = {
			isa = PBXGroup;
			children = (
				FCEFEB902851FCCA007D4C02 /* MovieDB.db */,
				FCEFEB932851FEB1007D4C02 /* DatabaseManager.swift */,
			);
			path = DatabaseManager;
			sourceTree = "<group>";
		};
		FCEFEB95285207C0007D4C02 /* RecentlyVisitedCell */ = {
			isa = PBXGroup;
			children = (
				FCEFEB96285207DD007D4C02 /* RecentlyVisitedCell.swift */,
				FCEFEB97285207DD007D4C02 /* RecentlyVisitedCell.xib */,
				FCEFEB9A28520804007D4C02 /* MovieCell.swift */,
				FCEFEB9B28520804007D4C02 /* MovieCell.xib */,
			);
			path = RecentlyVisitedCell;
			sourceTree = "<group>";
		};
		FCF2C18B284F599900DAD57F /* AllDetailsViewModel */ = {
			isa = PBXGroup;
			children = (
				FCAE999D2850A95F00247C56 /* VideoViewModel */,
				FCAE99922850871600247C56 /* SimilarViewModel */,
				FC44DE422850649D0033596D /* CreditsViewModel */,
				FCF2C1B0284F6A4000DAD57F /* ReviewViewModel */,
				FCF2C18C284F59AB00DAD57F /* DetailsViewModel */,
			);
			path = AllDetailsViewModel;
			sourceTree = "<group>";
		};
		FCF2C18C284F59AB00DAD57F /* DetailsViewModel */ = {
			isa = PBXGroup;
			children = (
				FCF2C18D284F59BD00DAD57F /* DetailsViewModel.swift */,
				FCF2C18F284F59D100DAD57F /* DetailsController.swift */,
				FCF2C191284F59E100DAD57F /* DetailsNavigator.swift */,
			);
			path = DetailsViewModel;
			sourceTree = "<group>";
		};
		FCF2C198284F615B00DAD57F /* Library */ = {
			isa = PBXGroup;
			children = (
				FCF2C19B284F61ED00DAD57F /* Sources */,
			);
			path = Library;
			sourceTree = "<group>";
		};
		FCF2C19B284F61ED00DAD57F /* Sources */ = {
			isa = PBXGroup;
			children = (
				FCF2C19C284F61ED00DAD57F /* stylekit */,
				FCF2C19F284F61ED00DAD57F /* OrbitActivityIndicatorView.swift */,
				FCF2C1A0284F61ED00DAD57F /* ActivityAnimationHelper.swift */,
				FCF2C1A1284F61ED00DAD57F /* Extensions.swift */,
				FCF2C1A2284F61ED00DAD57F /* AnimationHelper.swift */,
				FCF2C1A3284F61ED00DAD57F /* CircleProgressView.swift */,
				FCF2C1A4284F61ED00DAD57F /* BarProgressView.swift */,
			);
			path = Sources;
			sourceTree = "<group>";
		};
		FCF2C19C284F61ED00DAD57F /* stylekit */ = {
			isa = PBXGroup;
			children = (
				FCF2C19D284F61ED00DAD57F /* ActivityStyleKit.swift */,
				FCF2C19E284F61ED00DAD57F /* ProgressStyleKit.swift */,
			);
			path = stylekit;
			sourceTree = "<group>";
		};
		FCF2C1AD284F6A0600DAD57F /* DetailsContoller */ = {
			isa = PBXGroup;
			children = (
				FCF2C189284F53CC00DAD57F /* DetailsViewController.swift */,
				FCF2C1AE284F6A2F00DAD57F /* ReviewViewController.swift */,
				FC44DE2D285054F00033596D /* CreditsViewController.swift */,
				FC44DE4728507CE90033596D /* SimilarViewController.swift */,
				FCAE99972850A44E00247C56 /* VideoViewController.swift */,
				FCAE99A72850B23000247C56 /* PlayerViewController.swift */,
			);
			path = DetailsContoller;
			sourceTree = "<group>";
		};
		FCF2C1B0284F6A4000DAD57F /* ReviewViewModel */ = {
			isa = PBXGroup;
			children = (
				FCF2C1B2284F6A7000DAD57F /* ReviewViewModel.swift */,
				FCF2C1B4284F6A7C00DAD57F /* ReviewController.swift */,
			);
			path = ReviewViewModel;
			sourceTree = "<group>";
		};
		FCF2C1B1284F6A5900DAD57F /* DetailModel */ = {
			isa = PBXGroup;
			children = (
				FCAE99A22850A9E400247C56 /* Video.swift */,
				FCF2C1B6284F6A8800DAD57F /* Review.swift */,
				FC44DE40285057160033596D /* Credits.swift */,
				FCAE99902850860400247C56 /* Similar.swift */,
			);
			path = DetailModel;
			sourceTree = "<group>";
		};
		FCF2C1B8284F6DBD00DAD57F /* ReviewCell */ = {
			isa = PBXGroup;
			children = (
				FCF2C1C0284F6E2E00DAD57F /* ReviewCell.swift */,
				FCF2C1C1284F6E2E00DAD57F /* ReviewCell.xib */,
			);
			path = ReviewCell;
			sourceTree = "<group>";
		};
		FCF2C1B9284F6DC700DAD57F /* DetailDataCell */ = {
			isa = PBXGroup;
			children = (
				FCAE99A42850AAFA00247C56 /* VideoCell */,
				FC44DE4928507D190033596D /* SimilarCell */,
				FC44DE2F285056360033596D /* CreditsCell */,
				FCF2C1B8284F6DBD00DAD57F /* ReviewCell */,
			);
			path = DetailDataCell;
			sourceTree = "<group>";
		};
		FCF52751284F16C80056AF3F /* ProfileCell */ = {
			isa = PBXGroup;
			children = (
				FCF52752284F16EF0056AF3F /* NameCell.swift */,
				FCF52753284F16EF0056AF3F /* NameCell.xib */,
				FCF52756284F17B90056AF3F /* FavouriteCell.swift */,
				FCF52757284F17B90056AF3F /* FavouriteCell.xib */,
				FCF5275A284F1A8E0056AF3F /* RecommandAndListCell.swift */,
				FCF5275B284F1A8E0056AF3F /* RecommandAndListCell.xib */,
				FCF5275E284F1BED0056AF3F /* SignoutCell.swift */,
				FCF5275F284F1BED0056AF3F /* SignoutCell.xib */,
			);
			path = ProfileCell;
			sourceTree = "<group>";
		};
/* End PBXGroup section */

/* Begin PBXNativeTarget section */
		FCBAD910284DC7B400B6892B /* MovieListDemo */ = {
			isa = PBXNativeTarget;
			buildConfigurationList = FCBAD93B284DC7B700B6892B /* Build configuration list for PBXNativeTarget "MovieListDemo" */;
			buildPhases = (
				8365012EABA7E9FA91B83BC7 /* [CP] Check Pods Manifest.lock */,
				FCBAD90D284DC7B400B6892B /* Sources */,
				FCBAD90E284DC7B400B6892B /* Frameworks */,
				FCBAD90F284DC7B400B6892B /* Resources */,
				1DC3D7898528C898F1FDA584 /* [CP] Embed Pods Frameworks */,
			);
			buildRules = (
			);
			dependencies = (
			);
			name = MovieListDemo;
			packageProductDependencies = (
			);
			productName = MovieListDemo;
			productReference = FCBAD911284DC7B400B6892B /* MovieListDemo.app */;
			productType = "com.apple.product-type.application";
		};
		FCBAD926284DC7B700B6892B /* MovieListDemoTests */ = {
			isa = PBXNativeTarget;
			buildConfigurationList = FCBAD93E284DC7B700B6892B /* Build configuration list for PBXNativeTarget "MovieListDemoTests" */;
			buildPhases = (
				338AAF7AD25854EC458D33A2 /* [CP] Check Pods Manifest.lock */,
				FCBAD923284DC7B700B6892B /* Sources */,
				FCBAD924284DC7B700B6892B /* Frameworks */,
				FCBAD925284DC7B700B6892B /* Resources */,
			);
			buildRules = (
			);
			dependencies = (
				FCBAD929284DC7B700B6892B /* PBXTargetDependency */,
			);
			name = MovieListDemoTests;
			productName = MovieListDemoTests;
			productReference = FCBAD927284DC7B700B6892B /* MovieListDemoTests.xctest */;
			productType = "com.apple.product-type.bundle.unit-test";
		};
		FCBAD930284DC7B700B6892B /* MovieListDemoUITests */ = {
			isa = PBXNativeTarget;
			buildConfigurationList = FCBAD941284DC7B700B6892B /* Build configuration list for PBXNativeTarget "MovieListDemoUITests" */;
			buildPhases = (
				B52B7138FB4E054494B7C2F4 /* [CP] Check Pods Manifest.lock */,
				FCBAD92D284DC7B700B6892B /* Sources */,
				FCBAD92E284DC7B700B6892B /* Frameworks */,
				FCBAD92F284DC7B700B6892B /* Resources */,
				8779A74660851142EFACB338 /* [CP] Embed Pods Frameworks */,
			);
			buildRules = (
			);
			dependencies = (
				FCBAD933284DC7B700B6892B /* PBXTargetDependency */,
			);
			name = MovieListDemoUITests;
			productName = MovieListDemoUITests;
			productReference = FCBAD931284DC7B700B6892B /* MovieListDemoUITests.xctest */;
			productType = "com.apple.product-type.bundle.ui-testing";
		};
/* End PBXNativeTarget section */

/* Begin PBXProject section */
		FCBAD909284DC7B400B6892B /* Project object */ = {
			isa = PBXProject;
			attributes = {
				BuildIndependentTargetsInParallel = 1;
				LastSwiftUpdateCheck = 1320;
				LastUpgradeCheck = 1320;
				TargetAttributes = {
					FCBAD910284DC7B400B6892B = {
						CreatedOnToolsVersion = 13.2;
					};
					FCBAD926284DC7B700B6892B = {
						CreatedOnToolsVersion = 13.2;
						TestTargetID = FCBAD910284DC7B400B6892B;
					};
					FCBAD930284DC7B700B6892B = {
						CreatedOnToolsVersion = 13.2;
						TestTargetID = FCBAD910284DC7B400B6892B;
					};
				};
			};
			buildConfigurationList = FCBAD90C284DC7B400B6892B /* Build configuration list for PBXProject "MovieListDemo" */;
			compatibilityVersion = "Xcode 13.0";
			developmentRegion = en;
			hasScannedForEncodings = 0;
			knownRegions = (
				en,
				Base,
			);
			mainGroup = FCBAD908284DC7B400B6892B;
			packageReferences = (
			);
			productRefGroup = FCBAD912284DC7B400B6892B /* Products */;
			projectDirPath = "";
			projectRoot = "";
			targets = (
				FCBAD910284DC7B400B6892B /* MovieListDemo */,
				FCBAD926284DC7B700B6892B /* MovieListDemoTests */,
				FCBAD930284DC7B700B6892B /* MovieListDemoUITests */,
			);
		};
/* End PBXProject section */

/* Begin PBXResourcesBuildPhase section */
		FCBAD90F284DC7B400B6892B /* Resources */ = {
			isa = PBXResourcesBuildPhase;
			buildActionMask = 2147483647;
			files = (
				FCF52761284F1BED0056AF3F /* SignoutCell.xib in Resources */,
				FCEFEB6F2851A76A007D4C02 /* SearchDetail.storyboard in Resources */,
				FCEFEB912851FCCA007D4C02 /* MovieDB.db in Resources */,
				FCF52759284F17B90056AF3F /* FavouriteCell.xib in Resources */,
				FCBAD972284E08E100B6892B /* UpcommingMovieGridCell.xib in Resources */,
				FCEFEB9D28520804007D4C02 /* MovieCell.xib in Resources */,
				FCEFEB852851DA68007D4C02 /* PopularAndTopRatedCell.xib in Resources */,
				FCEFEB99285207DD007D4C02 /* RecentlyVisitedCell.xib in Resources */,
				FC44DE4F28507D490033596D /* SimilarCell.xib in Resources */,
				FCAE999C2850A8AC00247C56 /* VideoCell.xib in Resources */,
				FCBAD921284DC7B700B6892B /* LaunchScreen.storyboard in Resources */,
				FC44DE35285056700033596D /* CastAndCrewCell.xib in Resources */,
				FCBAD91E284DC7B700B6892B /* Assets.xcassets in Resources */,
				FCF52763284F21D90056AF3F /* Details.storyboard in Resources */,
				FCF2C1C3284F6E2E00DAD57F /* ReviewCell.xib in Resources */,
				FCBAD91C284DC7B500B6892B /* Main.storyboard in Resources */,
				FCAE99AD2850CF9100247C56 /* GenreCell.xib in Resources */,
				FCEFEB762851ABBD007D4C02 /* DiscoverCell.xib in Resources */,
				FCF52755284F16EF0056AF3F /* NameCell.xib in Resources */,
				FCF5275D284F1A8E0056AF3F /* RecommandAndListCell.xib in Resources */,
				FCBAD978284E092500B6892B /* UpcommingMovieListCell.xib in Resources */,
				FC44DE3F285056BF0033596D /* HeaderView.xib in Resources */,
			);
			runOnlyForDeploymentPostprocessing = 0;
		};
		FCBAD925284DC7B700B6892B /* Resources */ = {
			isa = PBXResourcesBuildPhase;
			buildActionMask = 2147483647;
			files = (
			);
			runOnlyForDeploymentPostprocessing = 0;
		};
		FCBAD92F284DC7B700B6892B /* Resources */ = {
			isa = PBXResourcesBuildPhase;
			buildActionMask = 2147483647;
			files = (
			);
			runOnlyForDeploymentPostprocessing = 0;
		};
/* End PBXResourcesBuildPhase section */

/* Begin PBXShellScriptBuildPhase section */
		1DC3D7898528C898F1FDA584 /* [CP] Embed Pods Frameworks */ = {
			isa = PBXShellScriptBuildPhase;
			buildActionMask = 2147483647;
			files = (
			);
			inputFileListPaths = (
				"${PODS_ROOT}/Target Support Files/Pods-MovieListDemo/Pods-MovieListDemo-frameworks-${CONFIGURATION}-input-files.xcfilelist",
			);
			name = "[CP] Embed Pods Frameworks";
			outputFileListPaths = (
				"${PODS_ROOT}/Target Support Files/Pods-MovieListDemo/Pods-MovieListDemo-frameworks-${CONFIGURATION}-output-files.xcfilelist",
			);
			runOnlyForDeploymentPostprocessing = 0;
			shellPath = /bin/sh;
			shellScript = "\"${PODS_ROOT}/Target Support Files/Pods-MovieListDemo/Pods-MovieListDemo-frameworks.sh\"\n";
			showEnvVarsInLog = 0;
		};
		338AAF7AD25854EC458D33A2 /* [CP] Check Pods Manifest.lock */ = {
			isa = PBXShellScriptBuildPhase;
			buildActionMask = 2147483647;
			files = (
			);
			inputFileListPaths = (
			);
			inputPaths = (
				"${PODS_PODFILE_DIR_PATH}/Podfile.lock",
				"${PODS_ROOT}/Manifest.lock",
			);
			name = "[CP] Check Pods Manifest.lock";
			outputFileListPaths = (
			);
			outputPaths = (
				"$(DERIVED_FILE_DIR)/Pods-MovieListDemoTests-checkManifestLockResult.txt",
			);
			runOnlyForDeploymentPostprocessing = 0;
			shellPath = /bin/sh;
			shellScript = "diff \"${PODS_PODFILE_DIR_PATH}/Podfile.lock\" \"${PODS_ROOT}/Manifest.lock\" > /dev/null\nif [ $? != 0 ] ; then\n    # print error to STDERR\n    echo \"error: The sandbox is not in sync with the Podfile.lock. Run 'pod install' or update your CocoaPods installation.\" >&2\n    exit 1\nfi\n# This output is used by Xcode 'outputs' to avoid re-running this script phase.\necho \"SUCCESS\" > \"${SCRIPT_OUTPUT_FILE_0}\"\n";
			showEnvVarsInLog = 0;
		};
		8365012EABA7E9FA91B83BC7 /* [CP] Check Pods Manifest.lock */ = {
			isa = PBXShellScriptBuildPhase;
			buildActionMask = 2147483647;
			files = (
			);
			inputFileListPaths = (
			);
			inputPaths = (
				"${PODS_PODFILE_DIR_PATH}/Podfile.lock",
				"${PODS_ROOT}/Manifest.lock",
			);
			name = "[CP] Check Pods Manifest.lock";
			outputFileListPaths = (
			);
			outputPaths = (
				"$(DERIVED_FILE_DIR)/Pods-MovieListDemo-checkManifestLockResult.txt",
			);
			runOnlyForDeploymentPostprocessing = 0;
			shellPath = /bin/sh;
			shellScript = "diff \"${PODS_PODFILE_DIR_PATH}/Podfile.lock\" \"${PODS_ROOT}/Manifest.lock\" > /dev/null\nif [ $? != 0 ] ; then\n    # print error to STDERR\n    echo \"error: The sandbox is not in sync with the Podfile.lock. Run 'pod install' or update your CocoaPods installation.\" >&2\n    exit 1\nfi\n# This output is used by Xcode 'outputs' to avoid re-running this script phase.\necho \"SUCCESS\" > \"${SCRIPT_OUTPUT_FILE_0}\"\n";
			showEnvVarsInLog = 0;
		};
		8779A74660851142EFACB338 /* [CP] Embed Pods Frameworks */ = {
			isa = PBXShellScriptBuildPhase;
			buildActionMask = 2147483647;
			files = (
			);
			inputFileListPaths = (
				"${PODS_ROOT}/Target Support Files/Pods-MovieListDemo-MovieListDemoUITests/Pods-MovieListDemo-MovieListDemoUITests-frameworks-${CONFIGURATION}-input-files.xcfilelist",
			);
			name = "[CP] Embed Pods Frameworks";
			outputFileListPaths = (
				"${PODS_ROOT}/Target Support Files/Pods-MovieListDemo-MovieListDemoUITests/Pods-MovieListDemo-MovieListDemoUITests-frameworks-${CONFIGURATION}-output-files.xcfilelist",
			);
			runOnlyForDeploymentPostprocessing = 0;
			shellPath = /bin/sh;
			shellScript = "\"${PODS_ROOT}/Target Support Files/Pods-MovieListDemo-MovieListDemoUITests/Pods-MovieListDemo-MovieListDemoUITests-frameworks.sh\"\n";
			showEnvVarsInLog = 0;
		};
		B52B7138FB4E054494B7C2F4 /* [CP] Check Pods Manifest.lock */ = {
			isa = PBXShellScriptBuildPhase;
			buildActionMask = 2147483647;
			files = (
			);
			inputFileListPaths = (
			);
			inputPaths = (
				"${PODS_PODFILE_DIR_PATH}/Podfile.lock",
				"${PODS_ROOT}/Manifest.lock",
			);
			name = "[CP] Check Pods Manifest.lock";
			outputFileListPaths = (
			);
			outputPaths = (
				"$(DERIVED_FILE_DIR)/Pods-MovieListDemo-MovieListDemoUITests-checkManifestLockResult.txt",
			);
			runOnlyForDeploymentPostprocessing = 0;
			shellPath = /bin/sh;
			shellScript = "diff \"${PODS_PODFILE_DIR_PATH}/Podfile.lock\" \"${PODS_ROOT}/Manifest.lock\" > /dev/null\nif [ $? != 0 ] ; then\n    # print error to STDERR\n    echo \"error: The sandbox is not in sync with the Podfile.lock. Run 'pod install' or update your CocoaPods installation.\" >&2\n    exit 1\nfi\n# This output is used by Xcode 'outputs' to avoid re-running this script phase.\necho \"SUCCESS\" > \"${SCRIPT_OUTPUT_FILE_0}\"\n";
			showEnvVarsInLog = 0;
		};
/* End PBXShellScriptBuildPhase section */

/* Begin PBXSourcesBuildPhase section */
		FCBAD90D284DC7B400B6892B /* Sources */ = {
			isa = PBXSourcesBuildPhase;
			buildActionMask = 2147483647;
			files = (
				FCF2C192284F59E100DAD57F /* DetailsNavigator.swift in Sources */,
				FC44DE2E285054F00033596D /* CreditsViewController.swift in Sources */,
				FCF2C1AC284F61ED00DAD57F /* BarProgressView.swift in Sources */,
				FCBAD981284E0CAB00B6892B /* UpcomingMovie.swift in Sources */,
				FCBAD95F284DE22F00B6892B /* UpcomingViewController.swift in Sources */,
				FCAE99B42850D0CD00247C56 /* SearchNavigator.swift in Sources */,
				FCEFEB812851C6EA007D4C02 /* SimilarNavigator.swift in Sources */,
				FCAE99B22850D0BD00247C56 /* SearchController.swift in Sources */,
				FCEFEB942851FEB1007D4C02 /* DatabaseManager.swift in Sources */,
				FCBAD989284E19D200B6892B /* UIImageView+Extension.swift in Sources */,
				FCEFEB7D2851B0D8007D4C02 /* DiscoverNavigator.swift in Sources */,
				FCF52758284F17B90056AF3F /* FavouriteCell.swift in Sources */,
				FCEFEB792851B0BC007D4C02 /* DiscoverViewModel.swift in Sources */,
				FCAE99B02850D0B200247C56 /* SearchViewModel.swift in Sources */,
				FCEFEB8F2851FC79007D4C02 /* MovieDB.swift in Sources */,
				FCF2C1A8284F61ED00DAD57F /* ActivityAnimationHelper.swift in Sources */,
				FCAE999F2850A97100247C56 /* VideoViewModel.swift in Sources */,
				FCF2C18A284F53CC00DAD57F /* DetailsViewController.swift in Sources */,
				FCC1DA662857506600F8F65E /* BaseViewController.swift in Sources */,
				FCBAD965284DE31600B6892B /* CustomTabarViewController.swift in Sources */,
				FCBAD97F284E0C1600B6892B /* UpcomingMovieNavigator.swift in Sources */,
				FCBAD97D284E0C0200B6892B /* UpcomingMovieController.swift in Sources */,
				FCF2C194284F5A9000DAD57F /* Genre.swift in Sources */,
				FCF52760284F1BED0056AF3F /* SignoutCell.swift in Sources */,
				FCF2C1B5284F6A7C00DAD57F /* ReviewController.swift in Sources */,
				FCBAD977284E092500B6892B /* UpcommingMovieListCell.swift in Sources */,
				FCBAD956284DD6C500B6892B /* APIManager.swift in Sources */,
				FCBAD959284DD71800B6892B /* String+Extension.swift in Sources */,
				FCAE99982850A44E00247C56 /* VideoViewController.swift in Sources */,
				FC44DE41285057160033596D /* Credits.swift in Sources */,
				FCF2C1A6284F61ED00DAD57F /* ProgressStyleKit.swift in Sources */,
				FCBAD963284DE24900B6892B /* ProfileViewController.swift in Sources */,
				FCBAD915284DC7B400B6892B /* AppDelegate.swift in Sources */,
				FCAE99942850872A00247C56 /* SimilarViewModel.swift in Sources */,
				FCBAD96B284E010D00B6892B /* SceneDelegate.swift in Sources */,
				FCEFEB722851A935007D4C02 /* DiscoverViewController.swift in Sources */,
				FCAE99A82850B23000247C56 /* PlayerViewController.swift in Sources */,
				FCBAD987284E132A00B6892B /* Reusable.swift in Sources */,
				FCBAD971284E08E100B6892B /* UpcommingMovieGridCell.swift in Sources */,
				FCF2C1B3284F6A7000DAD57F /* ReviewViewModel.swift in Sources */,
				FCAE999B2850A8AC00247C56 /* VideoCell.swift in Sources */,
				FCAE99A62850B0C900247C56 /* VideoNavigator.swift in Sources */,
				FCF5275C284F1A8E0056AF3F /* RecommandAndListCell.swift in Sources */,
				FCBAD967284DE32F00B6892B /* AppManager.swift in Sources */,
				FC44DE34285056700033596D /* CastAndCrewCell.swift in Sources */,
				FCBAD94E284DD0F500B6892B /* Reachability.swift in Sources */,
				FCAE99A12850A97D00247C56 /* VideoController.swift in Sources */,
				FCBAD97B284E0BE700B6892B /* UpcommingMovieViewModel.swift in Sources */,
				FC44DE46285064D20033596D /* CreditsController.swift in Sources */,
				FCBAD98D284E1C5C00B6892B /* UIViewController+Extension.swift in Sources */,
				FCBAD983284E12CB00B6892B /* UICollectionView+Extension.swift in Sources */,
				FCBAD969284DE5A100B6892B /* UIStoryboard+Extension.swift in Sources */,
				FC44DE44285064B60033596D /* CreditsViewModel.swift in Sources */,
				FCF52754284F16EF0056AF3F /* NameCell.swift in Sources */,
				FCAE99962850874D00247C56 /* SimilarController.swift in Sources */,
				FCEFEB7F2851B6E7007D4C02 /* Discover.swift in Sources */,
				FCBAD954284DD41B00B6892B /* AppConstants.swift in Sources */,
				FCEFEB98285207DD007D4C02 /* RecentlyVisitedCell.swift in Sources */,
				FCEFEB9C28520804007D4C02 /* MovieCell.swift in Sources */,
				FCF2C1A9284F61ED00DAD57F /* Extensions.swift in Sources */,
				FCF2C1AA284F61ED00DAD57F /* AnimationHelper.swift in Sources */,
				FCF2C1A7284F61ED00DAD57F /* OrbitActivityIndicatorView.swift in Sources */,
				FCBAD96D284E05BC00B6892B /* UIView+Extension.swift in Sources */,
				FCF2C1AB284F61ED00DAD57F /* CircleProgressView.swift in Sources */,
				FCAE99912850860400247C56 /* Similar.swift in Sources */,
				FCBAD961284DE23C00B6892B /* SearchViewController.swift in Sources */,
				FC44DE4828507CE90033596D /* SimilarViewController.swift in Sources */,
				FC44DE4E28507D490033596D /* SimilarCell.swift in Sources */,
				FCF2C1AF284F6A2F00DAD57F /* ReviewViewController.swift in Sources */,
				FCF2C1A5284F61ED00DAD57F /* ActivityStyleKit.swift in Sources */,
				FCAE99AC2850CF9100247C56 /* GenreCell.swift in Sources */,
				FCBAD952284DD17000B6892B /* Router.swift in Sources */,
				FCAE99A32850A9E400247C56 /* Video.swift in Sources */,
				FCBAD95D284DDA1F00B6892B /* CharacterSet+Extension.swift in Sources */,
				FCBAD950284DD11B00B6892B /* Environment.swift in Sources */,
				FCFDCDE3285308E000EF2DD2 /* UIImage+Extension.swift in Sources */,
				FCEFEB842851DA68007D4C02 /* PopularAndTopRatedCell.swift in Sources */,
				FCBAD95B284DD9FE00B6892B /* Dictionary+Extension.swift in Sources */,
				FCEFEB7B2851B0C9007D4C02 /* DiscoverController.swift in Sources */,
				FCBAD985284E12E600B6892B /* UITableView+Extension.swift in Sources */,
				FCEFEB752851ABBD007D4C02 /* DiscoverCell.swift in Sources */,
				FCAE99B72850D16400247C56 /* Search.swift in Sources */,
				FCF2C1B7284F6A8800DAD57F /* Review.swift in Sources */,
				FCBAD98B284E19F800B6892B /* ImageCache.swift in Sources */,
				FCF2C1C2284F6E2E00DAD57F /* ReviewCell.swift in Sources */,
				FCF2C18E284F59BD00DAD57F /* DetailsViewModel.swift in Sources */,
				FCF2C190284F59D100DAD57F /* DetailsController.swift in Sources */,
				FC44DE3E285056BF0033596D /* HeaderView.swift in Sources */,
			);
			runOnlyForDeploymentPostprocessing = 0;
		};
		FCBAD923284DC7B700B6892B /* Sources */ = {
			isa = PBXSourcesBuildPhase;
			buildActionMask = 2147483647;
			files = (
				FCBAD92C284DC7B700B6892B /* MovieListDemoTests.swift in Sources */,
			);
			runOnlyForDeploymentPostprocessing = 0;
		};
		FCBAD92D284DC7B700B6892B /* Sources */ = {
			isa = PBXSourcesBuildPhase;
			buildActionMask = 2147483647;
			files = (
				FCBAD938284DC7B700B6892B /* MovieListDemoUITestsLaunchTests.swift in Sources */,
				FCBAD936284DC7B700B6892B /* MovieListDemoUITests.swift in Sources */,
			);
			runOnlyForDeploymentPostprocessing = 0;
		};
/* End PBXSourcesBuildPhase section */

/* Begin PBXTargetDependency section */
		FCBAD929284DC7B700B6892B /* PBXTargetDependency */ = {
			isa = PBXTargetDependency;
			target = FCBAD910284DC7B400B6892B /* MovieListDemo */;
			targetProxy = FCBAD928284DC7B700B6892B /* PBXContainerItemProxy */;
		};
		FCBAD933284DC7B700B6892B /* PBXTargetDependency */ = {
			isa = PBXTargetDependency;
			target = FCBAD910284DC7B400B6892B /* MovieListDemo */;
			targetProxy = FCBAD932284DC7B700B6892B /* PBXContainerItemProxy */;
		};
/* End PBXTargetDependency section */

/* Begin PBXVariantGroup section */
		FCBAD91A284DC7B500B6892B /* Main.storyboard */ = {
			isa = PBXVariantGroup;
			children = (
				FCBAD91B284DC7B500B6892B /* Base */,
			);
			name = Main.storyboard;
			sourceTree = "<group>";
		};
		FCBAD91F284DC7B700B6892B /* LaunchScreen.storyboard */ = {
			isa = PBXVariantGroup;
			children = (
				FCBAD920284DC7B700B6892B /* Base */,
			);
			name = LaunchScreen.storyboard;
			sourceTree = "<group>";
		};
/* End PBXVariantGroup section */

/* Begin XCBuildConfiguration section */
		FCBAD939284DC7B700B6892B /* Debug */ = {
			isa = XCBuildConfiguration;
			buildSettings = {
				ALWAYS_SEARCH_USER_PATHS = NO;
				CLANG_ANALYZER_NONNULL = YES;
				CLANG_ANALYZER_NUMBER_OBJECT_CONVERSION = YES_AGGRESSIVE;
				CLANG_CXX_LANGUAGE_STANDARD = "gnu++17";
				CLANG_CXX_LIBRARY = "libc++";
				CLANG_ENABLE_MODULES = YES;
				CLANG_ENABLE_OBJC_ARC = YES;
				CLANG_ENABLE_OBJC_WEAK = YES;
				CLANG_WARN_BLOCK_CAPTURE_AUTORELEASING = YES;
				CLANG_WARN_BOOL_CONVERSION = YES;
				CLANG_WARN_COMMA = YES;
				CLANG_WARN_CONSTANT_CONVERSION = YES;
				CLANG_WARN_DEPRECATED_OBJC_IMPLEMENTATIONS = YES;
				CLANG_WARN_DIRECT_OBJC_ISA_USAGE = YES_ERROR;
				CLANG_WARN_DOCUMENTATION_COMMENTS = YES;
				CLANG_WARN_EMPTY_BODY = YES;
				CLANG_WARN_ENUM_CONVERSION = YES;
				CLANG_WARN_INFINITE_RECURSION = YES;
				CLANG_WARN_INT_CONVERSION = YES;
				CLANG_WARN_NON_LITERAL_NULL_CONVERSION = YES;
				CLANG_WARN_OBJC_IMPLICIT_RETAIN_SELF = YES;
				CLANG_WARN_OBJC_LITERAL_CONVERSION = YES;
				CLANG_WARN_OBJC_ROOT_CLASS = YES_ERROR;
				CLANG_WARN_QUOTED_INCLUDE_IN_FRAMEWORK_HEADER = YES;
				CLANG_WARN_RANGE_LOOP_ANALYSIS = YES;
				CLANG_WARN_STRICT_PROTOTYPES = YES;
				CLANG_WARN_SUSPICIOUS_MOVE = YES;
				CLANG_WARN_UNGUARDED_AVAILABILITY = YES_AGGRESSIVE;
				CLANG_WARN_UNREACHABLE_CODE = YES;
				CLANG_WARN__DUPLICATE_METHOD_MATCH = YES;
				COPY_PHASE_STRIP = NO;
				DEBUG_INFORMATION_FORMAT = dwarf;
				ENABLE_STRICT_OBJC_MSGSEND = YES;
				ENABLE_TESTABILITY = YES;
				GCC_C_LANGUAGE_STANDARD = gnu11;
				GCC_DYNAMIC_NO_PIC = NO;
				GCC_NO_COMMON_BLOCKS = YES;
				GCC_OPTIMIZATION_LEVEL = 0;
				GCC_PREPROCESSOR_DEFINITIONS = (
					"DEBUG=1",
					"$(inherited)",
				);
				GCC_WARN_64_TO_32_BIT_CONVERSION = YES;
				GCC_WARN_ABOUT_RETURN_TYPE = YES_ERROR;
				GCC_WARN_UNDECLARED_SELECTOR = YES;
				GCC_WARN_UNINITIALIZED_AUTOS = YES_AGGRESSIVE;
				GCC_WARN_UNUSED_FUNCTION = YES;
				GCC_WARN_UNUSED_VARIABLE = YES;
				IPHONEOS_DEPLOYMENT_TARGET = 15.2;
				MTL_ENABLE_DEBUG_INFO = INCLUDE_SOURCE;
				MTL_FAST_MATH = YES;
				ONLY_ACTIVE_ARCH = YES;
				SDKROOT = iphoneos;
				SWIFT_ACTIVE_COMPILATION_CONDITIONS = DEBUG;
				SWIFT_OPTIMIZATION_LEVEL = "-Onone";
			};
			name = Debug;
		};
		FCBAD93A284DC7B700B6892B /* Release */ = {
			isa = XCBuildConfiguration;
			buildSettings = {
				ALWAYS_SEARCH_USER_PATHS = NO;
				CLANG_ANALYZER_NONNULL = YES;
				CLANG_ANALYZER_NUMBER_OBJECT_CONVERSION = YES_AGGRESSIVE;
				CLANG_CXX_LANGUAGE_STANDARD = "gnu++17";
				CLANG_CXX_LIBRARY = "libc++";
				CLANG_ENABLE_MODULES = YES;
				CLANG_ENABLE_OBJC_ARC = YES;
				CLANG_ENABLE_OBJC_WEAK = YES;
				CLANG_WARN_BLOCK_CAPTURE_AUTORELEASING = YES;
				CLANG_WARN_BOOL_CONVERSION = YES;
				CLANG_WARN_COMMA = YES;
				CLANG_WARN_CONSTANT_CONVERSION = YES;
				CLANG_WARN_DEPRECATED_OBJC_IMPLEMENTATIONS = YES;
				CLANG_WARN_DIRECT_OBJC_ISA_USAGE = YES_ERROR;
				CLANG_WARN_DOCUMENTATION_COMMENTS = YES;
				CLANG_WARN_EMPTY_BODY = YES;
				CLANG_WARN_ENUM_CONVERSION = YES;
				CLANG_WARN_INFINITE_RECURSION = YES;
				CLANG_WARN_INT_CONVERSION = YES;
				CLANG_WARN_NON_LITERAL_NULL_CONVERSION = YES;
				CLANG_WARN_OBJC_IMPLICIT_RETAIN_SELF = YES;
				CLANG_WARN_OBJC_LITERAL_CONVERSION = YES;
				CLANG_WARN_OBJC_ROOT_CLASS = YES_ERROR;
				CLANG_WARN_QUOTED_INCLUDE_IN_FRAMEWORK_HEADER = YES;
				CLANG_WARN_RANGE_LOOP_ANALYSIS = YES;
				CLANG_WARN_STRICT_PROTOTYPES = YES;
				CLANG_WARN_SUSPICIOUS_MOVE = YES;
				CLANG_WARN_UNGUARDED_AVAILABILITY = YES_AGGRESSIVE;
				CLANG_WARN_UNREACHABLE_CODE = YES;
				CLANG_WARN__DUPLICATE_METHOD_MATCH = YES;
				COPY_PHASE_STRIP = NO;
				DEBUG_INFORMATION_FORMAT = "dwarf-with-dsym";
				ENABLE_NS_ASSERTIONS = NO;
				ENABLE_STRICT_OBJC_MSGSEND = YES;
				GCC_C_LANGUAGE_STANDARD = gnu11;
				GCC_NO_COMMON_BLOCKS = YES;
				GCC_WARN_64_TO_32_BIT_CONVERSION = YES;
				GCC_WARN_ABOUT_RETURN_TYPE = YES_ERROR;
				GCC_WARN_UNDECLARED_SELECTOR = YES;
				GCC_WARN_UNINITIALIZED_AUTOS = YES_AGGRESSIVE;
				GCC_WARN_UNUSED_FUNCTION = YES;
				GCC_WARN_UNUSED_VARIABLE = YES;
				IPHONEOS_DEPLOYMENT_TARGET = 15.2;
				MTL_ENABLE_DEBUG_INFO = NO;
				MTL_FAST_MATH = YES;
				SDKROOT = iphoneos;
				SWIFT_COMPILATION_MODE = wholemodule;
				SWIFT_OPTIMIZATION_LEVEL = "-O";
				VALIDATE_PRODUCT = YES;
			};
			name = Release;
		};
		FCBAD93C284DC7B700B6892B /* Debug */ = {
			isa = XCBuildConfiguration;
			baseConfigurationReference = 766996E695DAF8FE494ECB86 /* Pods-MovieListDemo.debug.xcconfig */;
			buildSettings = {
				ASSETCATALOG_COMPILER_APPICON_NAME = AppIcon;
				ASSETCATALOG_COMPILER_GLOBAL_ACCENT_COLOR_NAME = AccentColor;
				CODE_SIGN_STYLE = Automatic;
				CURRENT_PROJECT_VERSION = 1;
				GENERATE_INFOPLIST_FILE = YES;
				INFOPLIST_FILE = MovieListDemo/Info.plist;
				INFOPLIST_KEY_UIApplicationSupportsIndirectInputEvents = YES;
				INFOPLIST_KEY_UILaunchStoryboardName = LaunchScreen;
				INFOPLIST_KEY_UIMainStoryboardFile = Main;
				INFOPLIST_KEY_UISupportedInterfaceOrientations_iPad = "UIInterfaceOrientationPortrait UIInterfaceOrientationPortraitUpsideDown UIInterfaceOrientationLandscapeLeft UIInterfaceOrientationLandscapeRight";
				INFOPLIST_KEY_UISupportedInterfaceOrientations_iPhone = "UIInterfaceOrientationPortrait UIInterfaceOrientationLandscapeLeft UIInterfaceOrientationLandscapeRight";
				IPHONEOS_DEPLOYMENT_TARGET = 10.0;
				LD_RUNPATH_SEARCH_PATHS = (
					"$(inherited)",
					"@executable_path/Frameworks",
				);
				MARKETING_VERSION = 1.0;
				PRODUCT_BUNDLE_IDENTIFIER = com.test.movielistdemo.MovieListDemo;
				PRODUCT_NAME = "$(TARGET_NAME)";
				SWIFT_EMIT_LOC_STRINGS = YES;
				SWIFT_VERSION = 5.0;
				TARGETED_DEVICE_FAMILY = "1,2";
			};
			name = Debug;
		};
		FCBAD93D284DC7B700B6892B /* Release */ = {
			isa = XCBuildConfiguration;
			baseConfigurationReference = 00A96921F1834D26F84264B7 /* Pods-MovieListDemo.release.xcconfig */;
			buildSettings = {
				ASSETCATALOG_COMPILER_APPICON_NAME = AppIcon;
				ASSETCATALOG_COMPILER_GLOBAL_ACCENT_COLOR_NAME = AccentColor;
				CODE_SIGN_STYLE = Automatic;
				CURRENT_PROJECT_VERSION = 1;
				GENERATE_INFOPLIST_FILE = YES;
				INFOPLIST_FILE = MovieListDemo/Info.plist;
				INFOPLIST_KEY_UIApplicationSupportsIndirectInputEvents = YES;
				INFOPLIST_KEY_UILaunchStoryboardName = LaunchScreen;
				INFOPLIST_KEY_UIMainStoryboardFile = Main;
				INFOPLIST_KEY_UISupportedInterfaceOrientations_iPad = "UIInterfaceOrientationPortrait UIInterfaceOrientationPortraitUpsideDown UIInterfaceOrientationLandscapeLeft UIInterfaceOrientationLandscapeRight";
				INFOPLIST_KEY_UISupportedInterfaceOrientations_iPhone = "UIInterfaceOrientationPortrait UIInterfaceOrientationLandscapeLeft UIInterfaceOrientationLandscapeRight";
				IPHONEOS_DEPLOYMENT_TARGET = 10.0;
				LD_RUNPATH_SEARCH_PATHS = (
					"$(inherited)",
					"@executable_path/Frameworks",
				);
				MARKETING_VERSION = 1.0;
				PRODUCT_BUNDLE_IDENTIFIER = com.test.movielistdemo.MovieListDemo;
				PRODUCT_NAME = "$(TARGET_NAME)";
				SWIFT_EMIT_LOC_STRINGS = YES;
				SWIFT_VERSION = 5.0;
				TARGETED_DEVICE_FAMILY = "1,2";
			};
			name = Release;
		};
		FCBAD93F284DC7B700B6892B /* Debug */ = {
			isa = XCBuildConfiguration;
			baseConfigurationReference = 22A43EFB95765ECEA07DBCC3 /* Pods-MovieListDemoTests.debug.xcconfig */;
			buildSettings = {
				ALWAYS_EMBED_SWIFT_STANDARD_LIBRARIES = YES;
				BUNDLE_LOADER = "$(TEST_HOST)";
				CODE_SIGN_STYLE = Automatic;
				CURRENT_PROJECT_VERSION = 1;
				GENERATE_INFOPLIST_FILE = YES;
				IPHONEOS_DEPLOYMENT_TARGET = 15.2;
				MARKETING_VERSION = 1.0;
				PRODUCT_BUNDLE_IDENTIFIER = com.test.movielistdemo.MovieListDemoTests;
				PRODUCT_NAME = "$(TARGET_NAME)";
				SWIFT_EMIT_LOC_STRINGS = NO;
				SWIFT_VERSION = 5.0;
				TARGETED_DEVICE_FAMILY = "1,2";
				TEST_HOST = "$(BUILT_PRODUCTS_DIR)/MovieListDemo.app/MovieListDemo";
			};
			name = Debug;
		};
		FCBAD940284DC7B700B6892B /* Release */ = {
			isa = XCBuildConfiguration;
			baseConfigurationReference = 2EC2CBE691850C21B5BAD2A2 /* Pods-MovieListDemoTests.release.xcconfig */;
			buildSettings = {
				ALWAYS_EMBED_SWIFT_STANDARD_LIBRARIES = YES;
				BUNDLE_LOADER = "$(TEST_HOST)";
				CODE_SIGN_STYLE = Automatic;
				CURRENT_PROJECT_VERSION = 1;
				GENERATE_INFOPLIST_FILE = YES;
				IPHONEOS_DEPLOYMENT_TARGET = 15.2;
				MARKETING_VERSION = 1.0;
				PRODUCT_BUNDLE_IDENTIFIER = com.test.movielistdemo.MovieListDemoTests;
				PRODUCT_NAME = "$(TARGET_NAME)";
				SWIFT_EMIT_LOC_STRINGS = NO;
				SWIFT_VERSION = 5.0;
				TARGETED_DEVICE_FAMILY = "1,2";
				TEST_HOST = "$(BUILT_PRODUCTS_DIR)/MovieListDemo.app/MovieListDemo";
			};
			name = Release;
		};
		FCBAD942284DC7B700B6892B /* Debug */ = {
			isa = XCBuildConfiguration;
			baseConfigurationReference = BEB42CA52F392CB1642D8FCA /* Pods-MovieListDemo-MovieListDemoUITests.debug.xcconfig */;
			buildSettings = {
				ALWAYS_EMBED_SWIFT_STANDARD_LIBRARIES = YES;
				CODE_SIGN_STYLE = Automatic;
				CURRENT_PROJECT_VERSION = 1;
				GENERATE_INFOPLIST_FILE = YES;
				MARKETING_VERSION = 1.0;
				PRODUCT_BUNDLE_IDENTIFIER = com.test.movielistdemo.MovieListDemoUITests;
				PRODUCT_NAME = "$(TARGET_NAME)";
				SWIFT_EMIT_LOC_STRINGS = NO;
				SWIFT_VERSION = 5.0;
				TARGETED_DEVICE_FAMILY = "1,2";
				TEST_TARGET_NAME = MovieListDemo;
			};
			name = Debug;
		};
		FCBAD943284DC7B700B6892B /* Release */ = {
			isa = XCBuildConfiguration;
			baseConfigurationReference = 8BCA8A54AFFF73449E69686A /* Pods-MovieListDemo-MovieListDemoUITests.release.xcconfig */;
			buildSettings = {
				ALWAYS_EMBED_SWIFT_STANDARD_LIBRARIES = YES;
				CODE_SIGN_STYLE = Automatic;
				CURRENT_PROJECT_VERSION = 1;
				GENERATE_INFOPLIST_FILE = YES;
				MARKETING_VERSION = 1.0;
				PRODUCT_BUNDLE_IDENTIFIER = com.test.movielistdemo.MovieListDemoUITests;
				PRODUCT_NAME = "$(TARGET_NAME)";
				SWIFT_EMIT_LOC_STRINGS = NO;
				SWIFT_VERSION = 5.0;
				TARGETED_DEVICE_FAMILY = "1,2";
				TEST_TARGET_NAME = MovieListDemo;
			};
			name = Release;
		};
/* End XCBuildConfiguration section */

/* Begin XCConfigurationList section */
		FCBAD90C284DC7B400B6892B /* Build configuration list for PBXProject "MovieListDemo" */ = {
			isa = XCConfigurationList;
			buildConfigurations = (
				FCBAD939284DC7B700B6892B /* Debug */,
				FCBAD93A284DC7B700B6892B /* Release */,
			);
			defaultConfigurationIsVisible = 0;
			defaultConfigurationName = Release;
		};
		FCBAD93B284DC7B700B6892B /* Build configuration list for PBXNativeTarget "MovieListDemo" */ = {
			isa = XCConfigurationList;
			buildConfigurations = (
				FCBAD93C284DC7B700B6892B /* Debug */,
				FCBAD93D284DC7B700B6892B /* Release */,
			);
			defaultConfigurationIsVisible = 0;
			defaultConfigurationName = Release;
		};
		FCBAD93E284DC7B700B6892B /* Build configuration list for PBXNativeTarget "MovieListDemoTests" */ = {
			isa = XCConfigurationList;
			buildConfigurations = (
				FCBAD93F284DC7B700B6892B /* Debug */,
				FCBAD940284DC7B700B6892B /* Release */,
			);
			defaultConfigurationIsVisible = 0;
			defaultConfigurationName = Release;
		};
		FCBAD941284DC7B700B6892B /* Build configuration list for PBXNativeTarget "MovieListDemoUITests" */ = {
			isa = XCConfigurationList;
			buildConfigurations = (
				FCBAD942284DC7B700B6892B /* Debug */,
				FCBAD943284DC7B700B6892B /* Release */,
			);
			defaultConfigurationIsVisible = 0;
			defaultConfigurationName = Release;
		};
/* End XCConfigurationList section */
	};
	rootObject = FCBAD909284DC7B400B6892B /* Project object */;
}
